// !$*UTF8*$!
{
	archiveVersion = 1;
	classes = {
	};
	objectVersion = 55;
	objects = {

/* Begin PBXBuildFile section */
		5F0EA2FB27F6F9E000FBD77B /* SafeyeApp.swift in Sources */ = {isa = PBXBuildFile; fileRef = 5F0EA2FA27F6F9E000FBD77B /* SafeyeApp.swift */; };
		5F0EA2FD27F6F9E000FBD77B /* ContentView.swift in Sources */ = {isa = PBXBuildFile; fileRef = 5F0EA2FC27F6F9E000FBD77B /* ContentView.swift */; };
		5F0EA2FF27F6F9E100FBD77B /* Assets.xcassets in Resources */ = {isa = PBXBuildFile; fileRef = 5F0EA2FE27F6F9E100FBD77B /* Assets.xcassets */; };
		5F0EA30227F6F9E100FBD77B /* Preview Assets.xcassets in Resources */ = {isa = PBXBuildFile; fileRef = 5F0EA30127F6F9E100FBD77B /* Preview Assets.xcassets */; };
		5F0EA30727F6F9E100FBD77B /* Safeye.xcdatamodeld in Sources */ = {isa = PBXBuildFile; fileRef = 5F0EA30527F6F9E100FBD77B /* Safeye.xcdatamodeld */; };
		5F20CC9828006850001E9AED /* ProfileEditView.swift in Sources */ = {isa = PBXBuildFile; fileRef = 5F20CC9728006850001E9AED /* ProfileEditView.swift */; };
		5F20CC9B28009C3F001E9AED /* NavigationLazyView.swift in Sources */ = {isa = PBXBuildFile; fileRef = 5F20CC9A28009C3F001E9AED /* NavigationLazyView.swift */; };
		5F23EE0A2801B54800623B0C /* SettingsListViewComponent.swift in Sources */ = {isa = PBXBuildFile; fileRef = 5F23EE092801B54800623B0C /* SettingsListViewComponent.swift */; };
		5F244A8827F70CC900BFE1FB /* Theme.swift in Sources */ = {isa = PBXBuildFile; fileRef = 5F244A8727F70CC900BFE1FB /* Theme.swift */; };
		5F244A8A27F70CFA00BFE1FB /* AuthenticationService.swift in Sources */ = {isa = PBXBuildFile; fileRef = 5F244A8927F70CFA00BFE1FB /* AuthenticationService.swift */; };
		5F244A8C27F70E7300BFE1FB /* LoginView.swift in Sources */ = {isa = PBXBuildFile; fileRef = 5F244A8B27F70E7300BFE1FB /* LoginView.swift */; };
		5F244A8E27F70E8700BFE1FB /* RegisterView.swift in Sources */ = {isa = PBXBuildFile; fileRef = 5F244A8D27F70E8700BFE1FB /* RegisterView.swift */; };
		5F244A9227F70EC600BFE1FB /* ProfileView.swift in Sources */ = {isa = PBXBuildFile; fileRef = 5F244A9127F70EC600BFE1FB /* ProfileView.swift */; };
		5F244A9427F70EEA00BFE1FB /* CreateEventView.swift in Sources */ = {isa = PBXBuildFile; fileRef = 5F244A9327F70EEA00BFE1FB /* CreateEventView.swift */; };
		5F244A9627F70F0A00BFE1FB /* AddContactView.swift in Sources */ = {isa = PBXBuildFile; fileRef = 5F244A9527F70F0A00BFE1FB /* AddContactView.swift */; };
		5F244A9927F70F6200BFE1FB /* AddSafePlaceView.swift in Sources */ = {isa = PBXBuildFile; fileRef = 5F244A9827F70F6200BFE1FB /* AddSafePlaceView.swift */; };
		5F244A9D27F711A500BFE1FB /* MapView.swift in Sources */ = {isa = PBXBuildFile; fileRef = 5F244A9C27F711A500BFE1FB /* MapView.swift */; };
		5F244A9F27F711B900BFE1FB /* SettingsView.swift in Sources */ = {isa = PBXBuildFile; fileRef = 5F244A9E27F711B900BFE1FB /* SettingsView.swift */; };
		5F244AAB27F7180400BFE1FB /* ProfileViewModel.swift in Sources */ = {isa = PBXBuildFile; fileRef = 5F244AAA27F7180400BFE1FB /* ProfileViewModel.swift */; };
		5F244AB527F7186E00BFE1FB /* MapViewModel.swift in Sources */ = {isa = PBXBuildFile; fileRef = 5F244AB427F7186E00BFE1FB /* MapViewModel.swift */; };
		5F244AB727F7188300BFE1FB /* SettingsViewModel.swift in Sources */ = {isa = PBXBuildFile; fileRef = 5F244AB627F7188300BFE1FB /* SettingsViewModel.swift */; };
		5F244AB927F7198B00BFE1FB /* EventService.swift in Sources */ = {isa = PBXBuildFile; fileRef = 5F244AB827F7198B00BFE1FB /* EventService.swift */; };
		5F244ABB27F719A500BFE1FB /* ProfileService.swift in Sources */ = {isa = PBXBuildFile; fileRef = 5F244ABA27F719A500BFE1FB /* ProfileService.swift */; };
		5F244ABD27F719D600BFE1FB /* SettingService.swift in Sources */ = {isa = PBXBuildFile; fileRef = 5F244ABC27F719D600BFE1FB /* SettingService.swift */; };
		5F244ABF27F71A3500BFE1FB /* UserModel.swift in Sources */ = {isa = PBXBuildFile; fileRef = 5F244ABE27F71A3500BFE1FB /* UserModel.swift */; };
		5F244AC127F71A4400BFE1FB /* ProfileModel.swift in Sources */ = {isa = PBXBuildFile; fileRef = 5F244AC027F71A4400BFE1FB /* ProfileModel.swift */; };
		5F244AC327F71A5700BFE1FB /* EventModel.swift in Sources */ = {isa = PBXBuildFile; fileRef = 5F244AC227F71A5700BFE1FB /* EventModel.swift */; };
		5F244AC527F71A6900BFE1FB /* SettingModel.swift in Sources */ = {isa = PBXBuildFile; fileRef = 5F244AC427F71A6900BFE1FB /* SettingModel.swift */; };
		5F244AC927F71ACF00BFE1FB /* TrustedContactModel.swift in Sources */ = {isa = PBXBuildFile; fileRef = 5F244AC827F71ACF00BFE1FB /* TrustedContactModel.swift */; };
		5F244AD327F71BB700BFE1FB /* safeButtonModifier.swift in Sources */ = {isa = PBXBuildFile; fileRef = 5F244AD227F71BB700BFE1FB /* safeButtonModifier.swift */; };
		5F244AD527F71C1A00BFE1FB /* panicButtonModifier.swift in Sources */ = {isa = PBXBuildFile; fileRef = 5F244AD427F71C1A00BFE1FB /* panicButtonModifier.swift */; };
		5F244AD727F71C4000BFE1FB /* BasicButtonModifier.swift in Sources */ = {isa = PBXBuildFile; fileRef = 5F244AD627F71C4000BFE1FB /* BasicButtonModifier.swift */; };
		5F244AD927F71C4F00BFE1FB /* AvatarModifier.swift in Sources */ = {isa = PBXBuildFile; fileRef = 5F244AD827F71C4F00BFE1FB /* AvatarModifier.swift */; };
		5F244ADB27F71C7D00BFE1FB /* titleTextModifier.swift in Sources */ = {isa = PBXBuildFile; fileRef = 5F244ADA27F71C7D00BFE1FB /* titleTextModifier.swift */; };
		5F244ADD27F71C9700BFE1FB /* descriptionTextModifier.swift in Sources */ = {isa = PBXBuildFile; fileRef = 5F244ADC27F71C9700BFE1FB /* descriptionTextModifier.swift */; };
		5F244ADF27F71CAF00BFE1FB /* inputFieldModifier.swift in Sources */ = {isa = PBXBuildFile; fileRef = 5F244ADE27F71CAF00BFE1FB /* inputFieldModifier.swift */; };
		5F244AE327F71FEE00BFE1FB /* BasicButtonComponent.swift in Sources */ = {isa = PBXBuildFile; fileRef = 5F244AE227F71FEE00BFE1FB /* BasicButtonComponent.swift */; };
		5F244AE527F7200500BFE1FB /* InputFieldComponent.swift in Sources */ = {isa = PBXBuildFile; fileRef = 5F244AE427F7200500BFE1FB /* InputFieldComponent.swift */; };
		5F244AEB27F7217800BFE1FB /* Camera.swift in Sources */ = {isa = PBXBuildFile; fileRef = 5F244AEA27F7217800BFE1FB /* Camera.swift */; };
		5F244AED27F721A300BFE1FB /* Microphone.swift in Sources */ = {isa = PBXBuildFile; fileRef = 5F244AEC27F721A300BFE1FB /* Microphone.swift */; };
		5F244AEF27F721B100BFE1FB /* Location.swift in Sources */ = {isa = PBXBuildFile; fileRef = 5F244AEE27F721B100BFE1FB /* Location.swift */; };
		5F2EAD8527FCA271006FDFD9 /* secureInputFieldModifier.swift in Sources */ = {isa = PBXBuildFile; fileRef = 5F2EAD8427FCA271006FDFD9 /* secureInputFieldModifier.swift */; };
		5F2EAD8727FCA2A0006FDFD9 /* SecureInputFieldComponent.swift in Sources */ = {isa = PBXBuildFile; fileRef = 5F2EAD8627FCA2A0006FDFD9 /* SecureInputFieldComponent.swift */; };
		5F2EAD9227FDBE28006FDFD9 /* AuthenticationViewModel.swift in Sources */ = {isa = PBXBuildFile; fileRef = 5F2EAD9127FDBE28006FDFD9 /* AuthenticationViewModel.swift */; };
		5F553BB22806123B000518F7 /* ConnectionModel.swift in Sources */ = {isa = PBXBuildFile; fileRef = 5F553BB12806123B000518F7 /* ConnectionModel.swift */; };
		5F5962022802CD7900C8F682 /* TackingModeButtonComponent.swift in Sources */ = {isa = PBXBuildFile; fileRef = 5F5962012802CD7900C8F682 /* TackingModeButtonComponent.swift */; };
		5F5D0C662807EB6E00999B78 /* Store.swift in Sources */ = {isa = PBXBuildFile; fileRef = 5F5D0C652807EB6E00999B78 /* Store.swift */; };
		5F5D0C6B2808068700999B78 /* PlaygroundViewModel.swift in Sources */ = {isa = PBXBuildFile; fileRef = 5F5D0C6A2808068700999B78 /* PlaygroundViewModel.swift */; };
		5F639DC3281322D600EC39E3 /* AlertPanicComponent.swift in Sources */ = {isa = PBXBuildFile; fileRef = 5F639DC2281322D600EC39E3 /* AlertPanicComponent.swift */; };
		5F8164852813FD8D0037B987 /* SafePlaceViewModel.swift in Sources */ = {isa = PBXBuildFile; fileRef = 5F8164842813FD8D0037B987 /* SafePlaceViewModel.swift */; };
		5F8164872813FE860037B987 /* SafePlaceService.swift in Sources */ = {isa = PBXBuildFile; fileRef = 5F8164862813FE860037B987 /* SafePlaceService.swift */; };
		5F86F103280848C40089EAC6 /* SafePlaceModel.swift in Sources */ = {isa = PBXBuildFile; fileRef = 5F86F102280848C40089EAC6 /* SafePlaceModel.swift */; };
		5FA418982806976C00B6C6E9 /* ConnectionViewModel.swift in Sources */ = {isa = PBXBuildFile; fileRef = 5FA418972806976C00B6C6E9 /* ConnectionViewModel.swift */; };
		5FA4189A2806977E00B6C6E9 /* ConnectionService.swift in Sources */ = {isa = PBXBuildFile; fileRef = 5FA418992806977E00B6C6E9 /* ConnectionService.swift */; };
		5FA4189C2807058100B6C6E9 /* PlayGroundView.swift in Sources */ = {isa = PBXBuildFile; fileRef = 5FA4189B2807058100B6C6E9 /* PlayGroundView.swift */; };
		5FAB464B28045806009C4D0E /* EventStatus.swift in Sources */ = {isa = PBXBuildFile; fileRef = 5FAB464A28045806009C4D0E /* EventStatus.swift */; };
		5FAB464F28047E44009C4D0E /* EventViewModel.swift in Sources */ = {isa = PBXBuildFile; fileRef = 5FAB464E28047E44009C4D0E /* EventViewModel.swift */; };
		5FACE176281B3787007CB089 /* LoginInputComponent.swift in Sources */ = {isa = PBXBuildFile; fileRef = 5FACE175281B3787007CB089 /* LoginInputComponent.swift */; };
		5FBAA9802811B489007961AE /* SafeyeController.swift in Sources */ = {isa = PBXBuildFile; fileRef = 5FBAA97F2811B489007961AE /* SafeyeController.swift */; };
		5FBAA9822811B531007961AE /* CityTransformerModel.swift in Sources */ = {isa = PBXBuildFile; fileRef = 5FBAA9812811B531007961AE /* CityTransformerModel.swift */; };
		5FBAA9842811B5FF007961AE /* CityViewModel.swift in Sources */ = {isa = PBXBuildFile; fileRef = 5FBAA9832811B5FF007961AE /* CityViewModel.swift */; };
		5FBAA9862811B670007961AE /* CityService.swift in Sources */ = {isa = PBXBuildFile; fileRef = 5FBAA9852811B670007961AE /* CityService.swift */; };
		5FBC1A6F280D5E6C0015CC26 /* ConnectionsView.swift in Sources */ = {isa = PBXBuildFile; fileRef = 5FBC1A6E280D5E6C0015CC26 /* ConnectionsView.swift */; };
		5FBC1A71280DFB3F0015CC26 /* ProfileImageComponent.swift in Sources */ = {isa = PBXBuildFile; fileRef = 5FBC1A70280DFB3F0015CC26 /* ProfileImageComponent.swift */; };
		5FBC1A73280DFC370015CC26 /* FileModel.swift in Sources */ = {isa = PBXBuildFile; fileRef = 5FBC1A72280DFC370015CC26 /* FileModel.swift */; };
		5FBC1A75280DFC860015CC26 /* FileService.swift in Sources */ = {isa = PBXBuildFile; fileRef = 5FBC1A74280DFC860015CC26 /* FileService.swift */; };
		5FBC1A77280DFD1C0015CC26 /* FileViewModel.swift in Sources */ = {isa = PBXBuildFile; fileRef = 5FBC1A76280DFD1C0015CC26 /* FileViewModel.swift */; };
		5FBC1A7A280DFD810015CC26 /* ImagePicker.swift in Sources */ = {isa = PBXBuildFile; fileRef = 5FBC1A79280DFD810015CC26 /* ImagePicker.swift */; };
		5FCC119C2816DD1F0038D565 /* RecordedMessagesView.swift in Sources */ = {isa = PBXBuildFile; fileRef = 5FCC119B2816DD1F0038D565 /* RecordedMessagesView.swift */; };
		5FD3A5AC281AABDF004620DF /* NavigationUITests.swift in Sources */ = {isa = PBXBuildFile; fileRef = 5FD3A5AB281AABDF004620DF /* NavigationUITests.swift */; };
		5FD3A5AE281ADD49004620DF /* EventServiceTests.swift in Sources */ = {isa = PBXBuildFile; fileRef = 5FD3A5AD281ADD49004620DF /* EventServiceTests.swift */; };
		5FE0B095280BD3C900CFED16 /* EventListView.swift in Sources */ = {isa = PBXBuildFile; fileRef = 5FE0B094280BD3C900CFED16 /* EventListView.swift */; };
		5FE0B098280BF2FF00CFED16 /* CapitalizeFirstLetter.swift in Sources */ = {isa = PBXBuildFile; fileRef = 5FE0B097280BF2FF00CFED16 /* CapitalizeFirstLetter.swift */; };
		5FE0B09A280C18A200CFED16 /* eventStatusColorModifier.swift in Sources */ = {isa = PBXBuildFile; fileRef = 5FE0B099280C18A200CFED16 /* eventStatusColorModifier.swift */; };
		5FEB2636281A7C6B00A207CD /* EventListUITests.swift in Sources */ = {isa = PBXBuildFile; fileRef = 5FEB2635281A7C6B00A207CD /* EventListUITests.swift */; };
		5FEB2638281A9BC700A207CD /* CreateEventViewUITests.swift in Sources */ = {isa = PBXBuildFile; fileRef = 5FEB2637281A9BC700A207CD /* CreateEventViewUITests.swift */; };
		6A0F20482817193F00213FBC /* InfoDetailView.swift in Sources */ = {isa = PBXBuildFile; fileRef = 6A0F20472817193F00213FBC /* InfoDetailView.swift */; };
		6A0F204C281808A500213FBC /* TrustContactDetailsComponent.swift in Sources */ = {isa = PBXBuildFile; fileRef = 6A0F204B281808A500213FBC /* TrustContactDetailsComponent.swift */; };
		6A29154E2803128E00988C2C /* EventView.swift in Sources */ = {isa = PBXBuildFile; fileRef = 6A29154D2803128E00988C2C /* EventView.swift */; };
		6A2CFC2B280182F40046395D /* MapCurtainComponent.swift in Sources */ = {isa = PBXBuildFile; fileRef = 6A2CFC2A280182F40046395D /* MapCurtainComponent.swift */; };
		6A2CFC2D2801B9280046395D /* CurtainTCListComponent.swift in Sources */ = {isa = PBXBuildFile; fileRef = 6A2CFC2C2801B9270046395D /* CurtainTCListComponent.swift */; };
		6A2CFC2F2801BABD0046395D /* CurtainTCComponent.swift in Sources */ = {isa = PBXBuildFile; fileRef = 6A2CFC2E2801BABD0046395D /* CurtainTCComponent.swift */; };
		6A2CFC312801C11A0046395D /* CurtainModifier.swift in Sources */ = {isa = PBXBuildFile; fileRef = 6A2CFC302801C11A0046395D /* CurtainModifier.swift */; };
		6A2CFC332801C8B80046395D /* TCListModifier.swift in Sources */ = {isa = PBXBuildFile; fileRef = 6A2CFC322801C8B80046395D /* TCListModifier.swift */; };
		6A2CFC352801CAA10046395D /* TCItemModifier.swift in Sources */ = {isa = PBXBuildFile; fileRef = 6A2CFC342801CAA10046395D /* TCItemModifier.swift */; };
		6A3A881928031E460049DC7F /* ContactConnectionModel.swift in Sources */ = {isa = PBXBuildFile; fileRef = 6A3A881828031E460049DC7F /* ContactConnectionModel.swift */; };
		6A40921D281B29EE0094F948 /* InfoTextModifier.swift in Sources */ = {isa = PBXBuildFile; fileRef = 6A40921C281B29EE0094F948 /* InfoTextModifier.swift */; };
		6A7DB4A9280023E10054DD47 /* SettingsListItemComponent.swift in Sources */ = {isa = PBXBuildFile; fileRef = 6A7DB4A8280023E10054DD47 /* SettingsListItemComponent.swift */; };
		6A8792DE2812EDC5009B469B /* VoiceRecognition.swift in Sources */ = {isa = PBXBuildFile; fileRef = 6A8792DD2812EDC5009B469B /* VoiceRecognition.swift */; };
		6A8792E02812EFC0009B469B /* RecordingView.swift in Sources */ = {isa = PBXBuildFile; fileRef = 6A8792DF2812EFC0009B469B /* RecordingView.swift */; };
		6AB23AB4281D7F6C00AFB259 /* GoogleService-Info.plist in Resources */ = {isa = PBXBuildFile; fileRef = 6AB23AB3281D7F6C00AFB259 /* GoogleService-Info.plist */; };
		6AB9380F2816E6CD0077552C /* FirebaseAuth in Frameworks */ = {isa = PBXBuildFile; productRef = 6AB9380E2816E6CD0077552C /* FirebaseAuth */; };
		6AB938112816E6CD0077552C /* FirebaseFirestore in Frameworks */ = {isa = PBXBuildFile; productRef = 6AB938102816E6CD0077552C /* FirebaseFirestore */; };
		6AB938132816E6CD0077552C /* FirebaseFirestoreSwift-Beta in Frameworks */ = {isa = PBXBuildFile; productRef = 6AB938122816E6CD0077552C /* FirebaseFirestoreSwift-Beta */; };
		6AB938152816E6CD0077552C /* FirebaseStorage in Frameworks */ = {isa = PBXBuildFile; productRef = 6AB938142816E6CD0077552C /* FirebaseStorage */; };
		6AB938172816EB9A0077552C /* LocationViewModel.swift in Sources */ = {isa = PBXBuildFile; fileRef = 6AB938162816EB9A0077552C /* LocationViewModel.swift */; };
		6AB9381D28182E460077552C /* ProfileViewModel_Tests.swift in Sources */ = {isa = PBXBuildFile; fileRef = 6AB9381C28182E460077552C /* ProfileViewModel_Tests.swift */; };
		6AB93825281991D70077552C /* EventViewModel_Tests.swift in Sources */ = {isa = PBXBuildFile; fileRef = 6AB93824281991D70077552C /* EventViewModel_Tests.swift */; };
		6AB93827281A4FA20077552C /* AuthenticationViewModel_Tests.swift in Sources */ = {isa = PBXBuildFile; fileRef = 6AB93826281A4FA20077552C /* AuthenticationViewModel_Tests.swift */; };
		6AB93829281A571F0077552C /* CityViewModel_Tests.swift in Sources */ = {isa = PBXBuildFile; fileRef = 6AB93828281A571F0077552C /* CityViewModel_Tests.swift */; };
		6AB93831281A74330077552C /* EventMapView.swift in Sources */ = {isa = PBXBuildFile; fileRef = 6AB93830281A74330077552C /* EventMapView.swift */; };
		6AB93833281A78460077552C /* EventMapViewModel.swift in Sources */ = {isa = PBXBuildFile; fileRef = 6AB93832281A78460077552C /* EventMapViewModel.swift */; };
		6ABCDD2227FF096F009563E7 /* ListViewComponent.swift in Sources */ = {isa = PBXBuildFile; fileRef = 6ABCDD2127FF096F009563E7 /* ListViewComponent.swift */; };
		6ABCDD2427FF1B19009563E7 /* UserDetailsComponent.swift in Sources */ = {isa = PBXBuildFile; fileRef = 6ABCDD2327FF1B19009563E7 /* UserDetailsComponent.swift */; };
		6ABCDD2627FFEC7B009563E7 /* SafeSpaceComponent.swift in Sources */ = {isa = PBXBuildFile; fileRef = 6ABCDD2527FFEC7B009563E7 /* SafeSpaceComponent.swift */; };
		6ABCDD2827FFF8F9009563E7 /* SelectContactComponent.swift in Sources */ = {isa = PBXBuildFile; fileRef = 6ABCDD2727FFF8F9009563E7 /* SelectContactComponent.swift */; };
		6ABCDD2A280000EE009563E7 /* SelectContactsGridComponent.swift in Sources */ = {isa = PBXBuildFile; fileRef = 6ABCDD29280000EE009563E7 /* SelectContactsGridComponent.swift */; };
		6AC44624281810E20040BD42 /* TCProfileView.swift in Sources */ = {isa = PBXBuildFile; fileRef = 6AC44623281810E20040BD42 /* TCProfileView.swift */; };
		6AD96E4427FD49E600063439 /* AvatarComponent.swift in Sources */ = {isa = PBXBuildFile; fileRef = 6AD96E4327FD49E600063439 /* AvatarComponent.swift */; };
		6AE0A8602801BB8800661B1F /* SearchFieldComponent.swift in Sources */ = {isa = PBXBuildFile; fileRef = 6AE0A85F2801BB8800661B1F /* SearchFieldComponent.swift */; };
		6AEA6A362803747900C36830 /* ConnectionRequestModel.swift in Sources */ = {isa = PBXBuildFile; fileRef = 6AEA6A352803747900C36830 /* ConnectionRequestModel.swift */; };
		7516A3A428075D4100162C43 /* NotificationService.swift in Sources */ = {isa = PBXBuildFile; fileRef = 7516A3A328075D4100162C43 /* NotificationService.swift */; };
		755FCBB1281683650081B160 /* Localizable.strings in Resources */ = {isa = PBXBuildFile; fileRef = 755FCBB3281683650081B160 /* Localizable.strings */; };
		755FCBB6281683E00081B160 /* TranslationService.swift in Sources */ = {isa = PBXBuildFile; fileRef = 755FCBB5281683E00081B160 /* TranslationService.swift */; };
		755FCC07281812990081B160 /* Lottie in Frameworks */ = {isa = PBXBuildFile; productRef = 755FCC06281812990081B160 /* Lottie */; };
		755FCC0D281816450081B160 /* AnimationLottieView.swift in Sources */ = {isa = PBXBuildFile; fileRef = 755FCC0C281816450081B160 /* AnimationLottieView.swift */; };
		75994EF72809B8EB003244C6 /* alertBoxComponent.swift in Sources */ = {isa = PBXBuildFile; fileRef = 75994EF62809B8EB003244C6 /* alertBoxComponent.swift */; };
		75EB684E28130B0D00F607B7 /* SafeSpaceModel.swift in Sources */ = {isa = PBXBuildFile; fileRef = 75EB684D28130B0D00F607B7 /* SafeSpaceModel.swift */; };
		75EB685028130B5000F607B7 /* SearchResultModel.swift in Sources */ = {isa = PBXBuildFile; fileRef = 75EB684F28130B5000F607B7 /* SearchResultModel.swift */; };
		75EB68522813186B00F607B7 /* LocationService.swift in Sources */ = {isa = PBXBuildFile; fileRef = 75EB68512813186B00F607B7 /* LocationService.swift */; };
		D5148A5327FF5C8800E98347 /* NavItem.swift in Sources */ = {isa = PBXBuildFile; fileRef = D5148A5227FF5C8800E98347 /* NavItem.swift */; };
/* End PBXBuildFile section */

/* Begin PBXContainerItemProxy section */
		5F0EA30D27F6F9E200FBD77B /* PBXContainerItemProxy */ = {
			isa = PBXContainerItemProxy;
			containerPortal = 5F0EA2EF27F6F9E000FBD77B /* Project object */;
			proxyType = 1;
			remoteGlobalIDString = 5F0EA2F627F6F9E000FBD77B;
			remoteInfo = Safeye;
		};
		5F0EA31727F6F9E200FBD77B /* PBXContainerItemProxy */ = {
			isa = PBXContainerItemProxy;
			containerPortal = 5F0EA2EF27F6F9E000FBD77B /* Project object */;
			proxyType = 1;
			remoteGlobalIDString = 5F0EA2F627F6F9E000FBD77B;
			remoteInfo = Safeye;
		};
/* End PBXContainerItemProxy section */

/* Begin PBXFileReference section */
		5F0EA2F727F6F9E000FBD77B /* Safeye.app */ = {isa = PBXFileReference; explicitFileType = wrapper.application; includeInIndex = 0; path = Safeye.app; sourceTree = BUILT_PRODUCTS_DIR; };
		5F0EA2FA27F6F9E000FBD77B /* SafeyeApp.swift */ = {isa = PBXFileReference; lastKnownFileType = sourcecode.swift; path = SafeyeApp.swift; sourceTree = "<group>"; };
		5F0EA2FC27F6F9E000FBD77B /* ContentView.swift */ = {isa = PBXFileReference; lastKnownFileType = sourcecode.swift; path = ContentView.swift; sourceTree = "<group>"; };
		5F0EA2FE27F6F9E100FBD77B /* Assets.xcassets */ = {isa = PBXFileReference; lastKnownFileType = folder.assetcatalog; path = Assets.xcassets; sourceTree = "<group>"; };
		5F0EA30127F6F9E100FBD77B /* Preview Assets.xcassets */ = {isa = PBXFileReference; lastKnownFileType = folder.assetcatalog; path = "Preview Assets.xcassets"; sourceTree = "<group>"; };
		5F0EA30627F6F9E100FBD77B /* Safeye.xcdatamodel */ = {isa = PBXFileReference; lastKnownFileType = wrapper.xcdatamodel; path = Safeye.xcdatamodel; sourceTree = "<group>"; };
		5F0EA30C27F6F9E200FBD77B /* SafeyeTests.xctest */ = {isa = PBXFileReference; explicitFileType = wrapper.cfbundle; includeInIndex = 0; path = SafeyeTests.xctest; sourceTree = BUILT_PRODUCTS_DIR; };
		5F0EA31627F6F9E200FBD77B /* SafeyeUITests.xctest */ = {isa = PBXFileReference; explicitFileType = wrapper.cfbundle; includeInIndex = 0; path = SafeyeUITests.xctest; sourceTree = BUILT_PRODUCTS_DIR; };
		5F20CC9728006850001E9AED /* ProfileEditView.swift */ = {isa = PBXFileReference; lastKnownFileType = sourcecode.swift; path = ProfileEditView.swift; sourceTree = "<group>"; };
		5F20CC9A28009C3F001E9AED /* NavigationLazyView.swift */ = {isa = PBXFileReference; lastKnownFileType = sourcecode.swift; path = NavigationLazyView.swift; sourceTree = "<group>"; };
		5F23EE092801B54800623B0C /* SettingsListViewComponent.swift */ = {isa = PBXFileReference; fileEncoding = 4; lastKnownFileType = sourcecode.swift; path = SettingsListViewComponent.swift; sourceTree = "<group>"; };
		5F244A8727F70CC900BFE1FB /* Theme.swift */ = {isa = PBXFileReference; lastKnownFileType = sourcecode.swift; path = Theme.swift; sourceTree = "<group>"; };
		5F244A8927F70CFA00BFE1FB /* AuthenticationService.swift */ = {isa = PBXFileReference; lastKnownFileType = sourcecode.swift; path = AuthenticationService.swift; sourceTree = "<group>"; };
		5F244A8B27F70E7300BFE1FB /* LoginView.swift */ = {isa = PBXFileReference; lastKnownFileType = sourcecode.swift; path = LoginView.swift; sourceTree = "<group>"; };
		5F244A8D27F70E8700BFE1FB /* RegisterView.swift */ = {isa = PBXFileReference; lastKnownFileType = sourcecode.swift; path = RegisterView.swift; sourceTree = "<group>"; };
		5F244A9127F70EC600BFE1FB /* ProfileView.swift */ = {isa = PBXFileReference; lastKnownFileType = sourcecode.swift; path = ProfileView.swift; sourceTree = "<group>"; };
		5F244A9327F70EEA00BFE1FB /* CreateEventView.swift */ = {isa = PBXFileReference; lastKnownFileType = sourcecode.swift; path = CreateEventView.swift; sourceTree = "<group>"; };
		5F244A9527F70F0A00BFE1FB /* AddContactView.swift */ = {isa = PBXFileReference; lastKnownFileType = sourcecode.swift; path = AddContactView.swift; sourceTree = "<group>"; };
		5F244A9827F70F6200BFE1FB /* AddSafePlaceView.swift */ = {isa = PBXFileReference; lastKnownFileType = sourcecode.swift; path = AddSafePlaceView.swift; sourceTree = "<group>"; };
		5F244A9C27F711A500BFE1FB /* MapView.swift */ = {isa = PBXFileReference; lastKnownFileType = sourcecode.swift; path = MapView.swift; sourceTree = "<group>"; };
		5F244A9E27F711B900BFE1FB /* SettingsView.swift */ = {isa = PBXFileReference; lastKnownFileType = sourcecode.swift; path = SettingsView.swift; sourceTree = "<group>"; };
		5F244AAA27F7180400BFE1FB /* ProfileViewModel.swift */ = {isa = PBXFileReference; lastKnownFileType = sourcecode.swift; path = ProfileViewModel.swift; sourceTree = "<group>"; };
		5F244AB427F7186E00BFE1FB /* MapViewModel.swift */ = {isa = PBXFileReference; lastKnownFileType = sourcecode.swift; path = MapViewModel.swift; sourceTree = "<group>"; };
		5F244AB627F7188300BFE1FB /* SettingsViewModel.swift */ = {isa = PBXFileReference; lastKnownFileType = sourcecode.swift; path = SettingsViewModel.swift; sourceTree = "<group>"; };
		5F244AB827F7198B00BFE1FB /* EventService.swift */ = {isa = PBXFileReference; lastKnownFileType = sourcecode.swift; path = EventService.swift; sourceTree = "<group>"; };
		5F244ABA27F719A500BFE1FB /* ProfileService.swift */ = {isa = PBXFileReference; lastKnownFileType = sourcecode.swift; path = ProfileService.swift; sourceTree = "<group>"; };
		5F244ABC27F719D600BFE1FB /* SettingService.swift */ = {isa = PBXFileReference; lastKnownFileType = sourcecode.swift; path = SettingService.swift; sourceTree = "<group>"; };
		5F244ABE27F71A3500BFE1FB /* UserModel.swift */ = {isa = PBXFileReference; lastKnownFileType = sourcecode.swift; path = UserModel.swift; sourceTree = "<group>"; };
		5F244AC027F71A4400BFE1FB /* ProfileModel.swift */ = {isa = PBXFileReference; lastKnownFileType = sourcecode.swift; path = ProfileModel.swift; sourceTree = "<group>"; };
		5F244AC227F71A5700BFE1FB /* EventModel.swift */ = {isa = PBXFileReference; lastKnownFileType = sourcecode.swift; path = EventModel.swift; sourceTree = "<group>"; };
		5F244AC427F71A6900BFE1FB /* SettingModel.swift */ = {isa = PBXFileReference; lastKnownFileType = sourcecode.swift; path = SettingModel.swift; sourceTree = "<group>"; };
		5F244AC827F71ACF00BFE1FB /* TrustedContactModel.swift */ = {isa = PBXFileReference; lastKnownFileType = sourcecode.swift; path = TrustedContactModel.swift; sourceTree = "<group>"; };
		5F244AD227F71BB700BFE1FB /* safeButtonModifier.swift */ = {isa = PBXFileReference; lastKnownFileType = sourcecode.swift; path = safeButtonModifier.swift; sourceTree = "<group>"; };
		5F244AD427F71C1A00BFE1FB /* panicButtonModifier.swift */ = {isa = PBXFileReference; lastKnownFileType = sourcecode.swift; path = panicButtonModifier.swift; sourceTree = "<group>"; };
		5F244AD627F71C4000BFE1FB /* BasicButtonModifier.swift */ = {isa = PBXFileReference; lastKnownFileType = sourcecode.swift; path = BasicButtonModifier.swift; sourceTree = "<group>"; };
		5F244AD827F71C4F00BFE1FB /* AvatarModifier.swift */ = {isa = PBXFileReference; lastKnownFileType = sourcecode.swift; path = AvatarModifier.swift; sourceTree = "<group>"; };
		5F244ADA27F71C7D00BFE1FB /* titleTextModifier.swift */ = {isa = PBXFileReference; lastKnownFileType = sourcecode.swift; path = titleTextModifier.swift; sourceTree = "<group>"; };
		5F244ADC27F71C9700BFE1FB /* descriptionTextModifier.swift */ = {isa = PBXFileReference; lastKnownFileType = sourcecode.swift; path = descriptionTextModifier.swift; sourceTree = "<group>"; };
		5F244ADE27F71CAF00BFE1FB /* inputFieldModifier.swift */ = {isa = PBXFileReference; lastKnownFileType = sourcecode.swift; path = inputFieldModifier.swift; sourceTree = "<group>"; };
		5F244AE227F71FEE00BFE1FB /* BasicButtonComponent.swift */ = {isa = PBXFileReference; lastKnownFileType = sourcecode.swift; path = BasicButtonComponent.swift; sourceTree = "<group>"; };
		5F244AE427F7200500BFE1FB /* InputFieldComponent.swift */ = {isa = PBXFileReference; lastKnownFileType = sourcecode.swift; path = InputFieldComponent.swift; sourceTree = "<group>"; };
		5F244AEA27F7217800BFE1FB /* Camera.swift */ = {isa = PBXFileReference; lastKnownFileType = sourcecode.swift; path = Camera.swift; sourceTree = "<group>"; };
		5F244AEC27F721A300BFE1FB /* Microphone.swift */ = {isa = PBXFileReference; lastKnownFileType = sourcecode.swift; path = Microphone.swift; sourceTree = "<group>"; };
		5F244AEE27F721B100BFE1FB /* Location.swift */ = {isa = PBXFileReference; lastKnownFileType = sourcecode.swift; path = Location.swift; sourceTree = "<group>"; };
		5F2EAD8427FCA271006FDFD9 /* secureInputFieldModifier.swift */ = {isa = PBXFileReference; lastKnownFileType = sourcecode.swift; path = secureInputFieldModifier.swift; sourceTree = "<group>"; };
		5F2EAD8627FCA2A0006FDFD9 /* SecureInputFieldComponent.swift */ = {isa = PBXFileReference; lastKnownFileType = sourcecode.swift; path = SecureInputFieldComponent.swift; sourceTree = "<group>"; };
		5F2EAD9127FDBE28006FDFD9 /* AuthenticationViewModel.swift */ = {isa = PBXFileReference; lastKnownFileType = sourcecode.swift; path = AuthenticationViewModel.swift; sourceTree = "<group>"; };
		5F553BB12806123B000518F7 /* ConnectionModel.swift */ = {isa = PBXFileReference; lastKnownFileType = sourcecode.swift; path = ConnectionModel.swift; sourceTree = "<group>"; };
		5F5962012802CD7900C8F682 /* TackingModeButtonComponent.swift */ = {isa = PBXFileReference; lastKnownFileType = sourcecode.swift; path = TackingModeButtonComponent.swift; sourceTree = "<group>"; };
		5F5D0C652807EB6E00999B78 /* Store.swift */ = {isa = PBXFileReference; lastKnownFileType = sourcecode.swift; path = Store.swift; sourceTree = "<group>"; };
		5F5D0C6A2808068700999B78 /* PlaygroundViewModel.swift */ = {isa = PBXFileReference; lastKnownFileType = sourcecode.swift; path = PlaygroundViewModel.swift; sourceTree = "<group>"; };
		5F639DC2281322D600EC39E3 /* AlertPanicComponent.swift */ = {isa = PBXFileReference; lastKnownFileType = sourcecode.swift; path = AlertPanicComponent.swift; sourceTree = "<group>"; };
		5F8164842813FD8D0037B987 /* SafePlaceViewModel.swift */ = {isa = PBXFileReference; lastKnownFileType = sourcecode.swift; path = SafePlaceViewModel.swift; sourceTree = "<group>"; };
		5F8164862813FE860037B987 /* SafePlaceService.swift */ = {isa = PBXFileReference; lastKnownFileType = sourcecode.swift; path = SafePlaceService.swift; sourceTree = "<group>"; };
		5F86F102280848C40089EAC6 /* SafePlaceModel.swift */ = {isa = PBXFileReference; lastKnownFileType = sourcecode.swift; path = SafePlaceModel.swift; sourceTree = "<group>"; };
		5FA418972806976C00B6C6E9 /* ConnectionViewModel.swift */ = {isa = PBXFileReference; lastKnownFileType = sourcecode.swift; path = ConnectionViewModel.swift; sourceTree = "<group>"; };
		5FA418992806977E00B6C6E9 /* ConnectionService.swift */ = {isa = PBXFileReference; lastKnownFileType = sourcecode.swift; path = ConnectionService.swift; sourceTree = "<group>"; };
		5FA4189B2807058100B6C6E9 /* PlayGroundView.swift */ = {isa = PBXFileReference; lastKnownFileType = sourcecode.swift; path = PlayGroundView.swift; sourceTree = "<group>"; };
		5FAB464A28045806009C4D0E /* EventStatus.swift */ = {isa = PBXFileReference; lastKnownFileType = sourcecode.swift; path = EventStatus.swift; sourceTree = "<group>"; };
		5FAB464E28047E44009C4D0E /* EventViewModel.swift */ = {isa = PBXFileReference; lastKnownFileType = sourcecode.swift; path = EventViewModel.swift; sourceTree = "<group>"; };
		5FACE175281B3787007CB089 /* LoginInputComponent.swift */ = {isa = PBXFileReference; fileEncoding = 4; lastKnownFileType = sourcecode.swift; path = LoginInputComponent.swift; sourceTree = "<group>"; };
		5FBAA97F2811B489007961AE /* SafeyeController.swift */ = {isa = PBXFileReference; lastKnownFileType = sourcecode.swift; path = SafeyeController.swift; sourceTree = "<group>"; };
		5FBAA9812811B531007961AE /* CityTransformerModel.swift */ = {isa = PBXFileReference; lastKnownFileType = sourcecode.swift; path = CityTransformerModel.swift; sourceTree = "<group>"; };
		5FBAA9832811B5FF007961AE /* CityViewModel.swift */ = {isa = PBXFileReference; lastKnownFileType = sourcecode.swift; path = CityViewModel.swift; sourceTree = "<group>"; };
		5FBAA9852811B670007961AE /* CityService.swift */ = {isa = PBXFileReference; lastKnownFileType = sourcecode.swift; path = CityService.swift; sourceTree = "<group>"; };
		5FBC1A6E280D5E6C0015CC26 /* ConnectionsView.swift */ = {isa = PBXFileReference; lastKnownFileType = sourcecode.swift; path = ConnectionsView.swift; sourceTree = "<group>"; };
		5FBC1A70280DFB3F0015CC26 /* ProfileImageComponent.swift */ = {isa = PBXFileReference; lastKnownFileType = sourcecode.swift; path = ProfileImageComponent.swift; sourceTree = "<group>"; };
		5FBC1A72280DFC370015CC26 /* FileModel.swift */ = {isa = PBXFileReference; lastKnownFileType = sourcecode.swift; path = FileModel.swift; sourceTree = "<group>"; };
		5FBC1A74280DFC860015CC26 /* FileService.swift */ = {isa = PBXFileReference; lastKnownFileType = sourcecode.swift; path = FileService.swift; sourceTree = "<group>"; };
		5FBC1A76280DFD1C0015CC26 /* FileViewModel.swift */ = {isa = PBXFileReference; lastKnownFileType = sourcecode.swift; path = FileViewModel.swift; sourceTree = "<group>"; };
		5FBC1A79280DFD810015CC26 /* ImagePicker.swift */ = {isa = PBXFileReference; lastKnownFileType = sourcecode.swift; path = ImagePicker.swift; sourceTree = "<group>"; };
		5FCC119B2816DD1F0038D565 /* RecordedMessagesView.swift */ = {isa = PBXFileReference; lastKnownFileType = sourcecode.swift; path = RecordedMessagesView.swift; sourceTree = "<group>"; };
		5FD3A5AB281AABDF004620DF /* NavigationUITests.swift */ = {isa = PBXFileReference; lastKnownFileType = sourcecode.swift; path = NavigationUITests.swift; sourceTree = "<group>"; };
		5FD3A5AD281ADD49004620DF /* EventServiceTests.swift */ = {isa = PBXFileReference; lastKnownFileType = sourcecode.swift; path = EventServiceTests.swift; sourceTree = "<group>"; };
		5FE0B094280BD3C900CFED16 /* EventListView.swift */ = {isa = PBXFileReference; lastKnownFileType = sourcecode.swift; path = EventListView.swift; sourceTree = "<group>"; };
		5FE0B097280BF2FF00CFED16 /* CapitalizeFirstLetter.swift */ = {isa = PBXFileReference; lastKnownFileType = sourcecode.swift; path = CapitalizeFirstLetter.swift; sourceTree = "<group>"; };
		5FE0B099280C18A200CFED16 /* eventStatusColorModifier.swift */ = {isa = PBXFileReference; lastKnownFileType = sourcecode.swift; path = eventStatusColorModifier.swift; sourceTree = "<group>"; };
		5FEB2635281A7C6B00A207CD /* EventListUITests.swift */ = {isa = PBXFileReference; lastKnownFileType = sourcecode.swift; path = EventListUITests.swift; sourceTree = "<group>"; };
		5FEB2637281A9BC700A207CD /* CreateEventViewUITests.swift */ = {isa = PBXFileReference; lastKnownFileType = sourcecode.swift; path = CreateEventViewUITests.swift; sourceTree = "<group>"; };
		6A0F20472817193F00213FBC /* InfoDetailView.swift */ = {isa = PBXFileReference; lastKnownFileType = sourcecode.swift; path = InfoDetailView.swift; sourceTree = "<group>"; };
		6A0F204B281808A500213FBC /* TrustContactDetailsComponent.swift */ = {isa = PBXFileReference; lastKnownFileType = sourcecode.swift; path = TrustContactDetailsComponent.swift; sourceTree = "<group>"; };
		6A29154D2803128E00988C2C /* EventView.swift */ = {isa = PBXFileReference; lastKnownFileType = sourcecode.swift; path = EventView.swift; sourceTree = "<group>"; };
		6A2CFC2A280182F40046395D /* MapCurtainComponent.swift */ = {isa = PBXFileReference; lastKnownFileType = sourcecode.swift; path = MapCurtainComponent.swift; sourceTree = "<group>"; };
		6A2CFC2C2801B9270046395D /* CurtainTCListComponent.swift */ = {isa = PBXFileReference; lastKnownFileType = sourcecode.swift; path = CurtainTCListComponent.swift; sourceTree = "<group>"; };
		6A2CFC2E2801BABD0046395D /* CurtainTCComponent.swift */ = {isa = PBXFileReference; lastKnownFileType = sourcecode.swift; path = CurtainTCComponent.swift; sourceTree = "<group>"; };
		6A2CFC302801C11A0046395D /* CurtainModifier.swift */ = {isa = PBXFileReference; lastKnownFileType = sourcecode.swift; path = CurtainModifier.swift; sourceTree = "<group>"; };
		6A2CFC322801C8B80046395D /* TCListModifier.swift */ = {isa = PBXFileReference; lastKnownFileType = sourcecode.swift; path = TCListModifier.swift; sourceTree = "<group>"; };
		6A2CFC342801CAA10046395D /* TCItemModifier.swift */ = {isa = PBXFileReference; lastKnownFileType = sourcecode.swift; path = TCItemModifier.swift; sourceTree = "<group>"; };
		6A382E81281C19A0002E3BAB /* LoginInputComponent.swift */ = {isa = PBXFileReference; fileEncoding = 4; lastKnownFileType = sourcecode.swift; path = LoginInputComponent.swift; sourceTree = "<group>"; };
		6A3A881828031E460049DC7F /* ContactConnectionModel.swift */ = {isa = PBXFileReference; lastKnownFileType = sourcecode.swift; path = ContactConnectionModel.swift; sourceTree = "<group>"; };
		6A40921C281B29EE0094F948 /* InfoTextModifier.swift */ = {isa = PBXFileReference; lastKnownFileType = sourcecode.swift; path = InfoTextModifier.swift; sourceTree = "<group>"; };
		6A55867E280D66260076B3CE /* Info.plist */ = {isa = PBXFileReference; lastKnownFileType = text.plist; path = Info.plist; sourceTree = "<group>"; };
		6A7DB4A8280023E10054DD47 /* SettingsListItemComponent.swift */ = {isa = PBXFileReference; lastKnownFileType = sourcecode.swift; path = SettingsListItemComponent.swift; sourceTree = "<group>"; };
		6A8792DD2812EDC5009B469B /* VoiceRecognition.swift */ = {isa = PBXFileReference; lastKnownFileType = sourcecode.swift; path = VoiceRecognition.swift; sourceTree = "<group>"; };
		6A8792DF2812EFC0009B469B /* RecordingView.swift */ = {isa = PBXFileReference; lastKnownFileType = sourcecode.swift; path = RecordingView.swift; sourceTree = "<group>"; };
		6AB23AB3281D7F6C00AFB259 /* GoogleService-Info.plist */ = {isa = PBXFileReference; fileEncoding = 4; lastKnownFileType = text.plist.xml; name = "GoogleService-Info.plist"; path = "../../../../../Downloads/GoogleService-Info.plist"; sourceTree = "<group>"; };
		6AB938162816EB9A0077552C /* LocationViewModel.swift */ = {isa = PBXFileReference; lastKnownFileType = sourcecode.swift; path = LocationViewModel.swift; sourceTree = "<group>"; };
		6AB9381C28182E460077552C /* ProfileViewModel_Tests.swift */ = {isa = PBXFileReference; lastKnownFileType = sourcecode.swift; path = ProfileViewModel_Tests.swift; sourceTree = "<group>"; };
		6AB93824281991D70077552C /* EventViewModel_Tests.swift */ = {isa = PBXFileReference; lastKnownFileType = sourcecode.swift; path = EventViewModel_Tests.swift; sourceTree = "<group>"; };
		6AB93826281A4FA20077552C /* AuthenticationViewModel_Tests.swift */ = {isa = PBXFileReference; lastKnownFileType = sourcecode.swift; path = AuthenticationViewModel_Tests.swift; sourceTree = "<group>"; };
		6AB93828281A571F0077552C /* CityViewModel_Tests.swift */ = {isa = PBXFileReference; lastKnownFileType = sourcecode.swift; path = CityViewModel_Tests.swift; sourceTree = "<group>"; };
		6AB93830281A74330077552C /* EventMapView.swift */ = {isa = PBXFileReference; lastKnownFileType = sourcecode.swift; path = EventMapView.swift; sourceTree = "<group>"; };
		6AB93832281A78460077552C /* EventMapViewModel.swift */ = {isa = PBXFileReference; lastKnownFileType = sourcecode.swift; path = EventMapViewModel.swift; sourceTree = "<group>"; };
		6ABCDD2127FF096F009563E7 /* ListViewComponent.swift */ = {isa = PBXFileReference; lastKnownFileType = sourcecode.swift; path = ListViewComponent.swift; sourceTree = "<group>"; };
		6ABCDD2327FF1B19009563E7 /* UserDetailsComponent.swift */ = {isa = PBXFileReference; lastKnownFileType = sourcecode.swift; path = UserDetailsComponent.swift; sourceTree = "<group>"; };
		6ABCDD2527FFEC7B009563E7 /* SafeSpaceComponent.swift */ = {isa = PBXFileReference; lastKnownFileType = sourcecode.swift; path = SafeSpaceComponent.swift; sourceTree = "<group>"; };
		6ABCDD2727FFF8F9009563E7 /* SelectContactComponent.swift */ = {isa = PBXFileReference; lastKnownFileType = sourcecode.swift; path = SelectContactComponent.swift; sourceTree = "<group>"; };
		6ABCDD29280000EE009563E7 /* SelectContactsGridComponent.swift */ = {isa = PBXFileReference; lastKnownFileType = sourcecode.swift; path = SelectContactsGridComponent.swift; sourceTree = "<group>"; };
		6AC44623281810E20040BD42 /* TCProfileView.swift */ = {isa = PBXFileReference; lastKnownFileType = sourcecode.swift; path = TCProfileView.swift; sourceTree = "<group>"; };
		6AC44629281B0ABE0040BD42 /* GoogleService-Info.plist */ = {isa = PBXFileReference; fileEncoding = 4; lastKnownFileType = text.plist.xml; name = "GoogleService-Info.plist"; path = "../../../../Downloads/GoogleService-Info.plist"; sourceTree = "<group>"; };
		6AD96E4327FD49E600063439 /* AvatarComponent.swift */ = {isa = PBXFileReference; lastKnownFileType = sourcecode.swift; path = AvatarComponent.swift; sourceTree = "<group>"; };
		6AE0A85F2801BB8800661B1F /* SearchFieldComponent.swift */ = {isa = PBXFileReference; lastKnownFileType = sourcecode.swift; path = SearchFieldComponent.swift; sourceTree = "<group>"; };
		6AEA6A352803747900C36830 /* ConnectionRequestModel.swift */ = {isa = PBXFileReference; lastKnownFileType = sourcecode.swift; path = ConnectionRequestModel.swift; sourceTree = "<group>"; };
		7516A3A328075D4100162C43 /* NotificationService.swift */ = {isa = PBXFileReference; lastKnownFileType = sourcecode.swift; path = NotificationService.swift; sourceTree = "<group>"; };
		755FCBB2281683650081B160 /* en */ = {isa = PBXFileReference; lastKnownFileType = text.plist.strings; name = en; path = en.lproj/Localizable.strings; sourceTree = "<group>"; };
		755FCBB4281683660081B160 /* fi */ = {isa = PBXFileReference; lastKnownFileType = text.plist.strings; name = fi; path = fi.lproj/Localizable.strings; sourceTree = "<group>"; };
		755FCBB5281683E00081B160 /* TranslationService.swift */ = {isa = PBXFileReference; lastKnownFileType = sourcecode.swift; path = TranslationService.swift; sourceTree = "<group>"; };
		755FCBB7281695C40081B160 /* uk */ = {isa = PBXFileReference; lastKnownFileType = text.plist.strings; name = uk; path = uk.lproj/Localizable.strings; sourceTree = "<group>"; };
		755FCBB8281695D20081B160 /* lt */ = {isa = PBXFileReference; lastKnownFileType = text.plist.strings; name = lt; path = lt.lproj/Localizable.strings; sourceTree = "<group>"; };
		755FCC0C281816450081B160 /* AnimationLottieView.swift */ = {isa = PBXFileReference; lastKnownFileType = sourcecode.swift; path = AnimationLottieView.swift; sourceTree = "<group>"; };
		75994EF62809B8EB003244C6 /* alertBoxComponent.swift */ = {isa = PBXFileReference; lastKnownFileType = sourcecode.swift; path = alertBoxComponent.swift; sourceTree = "<group>"; };
		75EB684D28130B0D00F607B7 /* SafeSpaceModel.swift */ = {isa = PBXFileReference; lastKnownFileType = sourcecode.swift; path = SafeSpaceModel.swift; sourceTree = "<group>"; };
		75EB684F28130B5000F607B7 /* SearchResultModel.swift */ = {isa = PBXFileReference; lastKnownFileType = sourcecode.swift; path = SearchResultModel.swift; sourceTree = "<group>"; };
		75EB68512813186B00F607B7 /* LocationService.swift */ = {isa = PBXFileReference; lastKnownFileType = sourcecode.swift; path = LocationService.swift; sourceTree = "<group>"; };
		D5148A5227FF5C8800E98347 /* NavItem.swift */ = {isa = PBXFileReference; lastKnownFileType = sourcecode.swift; path = NavItem.swift; sourceTree = "<group>"; };
/* End PBXFileReference section */

/* Begin PBXFrameworksBuildPhase section */
		5F0EA2F427F6F9E000FBD77B /* Frameworks */ = {
			isa = PBXFrameworksBuildPhase;
			buildActionMask = 2147483647;
			files = (
				755FCC07281812990081B160 /* Lottie in Frameworks */,
				6AB938132816E6CD0077552C /* FirebaseFirestoreSwift-Beta in Frameworks */,
				6AB938152816E6CD0077552C /* FirebaseStorage in Frameworks */,
				6AB9380F2816E6CD0077552C /* FirebaseAuth in Frameworks */,
				6AB938112816E6CD0077552C /* FirebaseFirestore in Frameworks */,
			);
			runOnlyForDeploymentPostprocessing = 0;
		};
		5F0EA30927F6F9E200FBD77B /* Frameworks */ = {
			isa = PBXFrameworksBuildPhase;
			buildActionMask = 2147483647;
			files = (
			);
			runOnlyForDeploymentPostprocessing = 0;
		};
		5F0EA31327F6F9E200FBD77B /* Frameworks */ = {
			isa = PBXFrameworksBuildPhase;
			buildActionMask = 2147483647;
			files = (
			);
			runOnlyForDeploymentPostprocessing = 0;
		};
/* End PBXFrameworksBuildPhase section */

/* Begin PBXGroup section */
		5F0EA2EE27F6F9E000FBD77B = {
			isa = PBXGroup;
			children = (
				5F0EA2F827F6F9E000FBD77B /* Products */,
				5F0EA2F927F6F9E000FBD77B /* Safeye */,
				5F0EA30F27F6F9E200FBD77B /* SafeyeTests */,
				5F0EA31927F6F9E200FBD77B /* SafeyeUITests */,
				5F70D3D0281C45D100021EBE /* Recovered References */,
			);
			sourceTree = "<group>";
		};
		5F0EA2F827F6F9E000FBD77B /* Products */ = {
			isa = PBXGroup;
			children = (
				5F0EA2F727F6F9E000FBD77B /* Safeye.app */,
				5F0EA30C27F6F9E200FBD77B /* SafeyeTests.xctest */,
				5F0EA31627F6F9E200FBD77B /* SafeyeUITests.xctest */,
			);
			name = Products;
			sourceTree = "<group>";
		};
		5F0EA2F927F6F9E000FBD77B /* Safeye */ = {
			isa = PBXGroup;
			children = (
				6AB23AB3281D7F6C00AFB259 /* GoogleService-Info.plist */,
				6A55867E280D66260076B3CE /* Info.plist */,
				5F244AE827F7213E00BFE1FB /* Utils */,
				5F8B94F527F70A570067C6C9 /* Views */,
				5F244A8327F70B3300BFE1FB /* Components */,
				5F8B94F627F70A610067C6C9 /* ViewModels */,
				5F244A7F27F70AF500BFE1FB /* Data */,
				5F244A8227F70B2A00BFE1FB /* Modifiers */,
				5F244A8427F70B3A00BFE1FB /* Config */,
				5F0EA2FA27F6F9E000FBD77B /* SafeyeApp.swift */,
				755FCBB3281683650081B160 /* Localizable.strings */,
				5F0EA2FC27F6F9E000FBD77B /* ContentView.swift */,
				5F0EA2FE27F6F9E100FBD77B /* Assets.xcassets */,
				5F0EA30027F6F9E100FBD77B /* Preview Content */,
			);
			path = Safeye;
			sourceTree = "<group>";
		};
		5F0EA30027F6F9E100FBD77B /* Preview Content */ = {
			isa = PBXGroup;
			children = (
				5F0EA30127F6F9E100FBD77B /* Preview Assets.xcassets */,
			);
			path = "Preview Content";
			sourceTree = "<group>";
		};
		5F0EA30F27F6F9E200FBD77B /* SafeyeTests */ = {
			isa = PBXGroup;
			children = (
				6AB93824281991D70077552C /* EventViewModel_Tests.swift */,
				6AB9381C28182E460077552C /* ProfileViewModel_Tests.swift */,
				6AB93826281A4FA20077552C /* AuthenticationViewModel_Tests.swift */,
				6AB93828281A571F0077552C /* CityViewModel_Tests.swift */,
				5FD3A5AD281ADD49004620DF /* EventServiceTests.swift */,
			);
			path = SafeyeTests;
			sourceTree = "<group>";
		};
		5F0EA31927F6F9E200FBD77B /* SafeyeUITests */ = {
			isa = PBXGroup;
			children = (
				5FEB2635281A7C6B00A207CD /* EventListUITests.swift */,
				5FEB2637281A9BC700A207CD /* CreateEventViewUITests.swift */,
				5FD3A5AB281AABDF004620DF /* NavigationUITests.swift */,
			);
			path = SafeyeUITests;
			sourceTree = "<group>";
		};
		5F20CC9928009C04001E9AED /* NavigationHelper */ = {
			isa = PBXGroup;
			children = (
				5F20CC9A28009C3F001E9AED /* NavigationLazyView.swift */,
			);
			path = NavigationHelper;
			sourceTree = "<group>";
		};
		5F244A7F27F70AF500BFE1FB /* Data */ = {
			isa = PBXGroup;
			children = (
				5FBAA97E2811B44F007961AE /* CoreData */,
				5F5D0C652807EB6E00999B78 /* Store.swift */,
				5F244A8027F70B0300BFE1FB /* Services */,
				5F8B94F727F70A730067C6C9 /* Models */,
			);
			path = Data;
			sourceTree = "<group>";
		};
		5F244A8027F70B0300BFE1FB /* Services */ = {
			isa = PBXGroup;
			children = (
				5F244A8927F70CFA00BFE1FB /* AuthenticationService.swift */,
				5F244AB827F7198B00BFE1FB /* EventService.swift */,
				5F244ABA27F719A500BFE1FB /* ProfileService.swift */,
				5F244ABC27F719D600BFE1FB /* SettingService.swift */,
				7516A3A328075D4100162C43 /* NotificationService.swift */,
				5FA418992806977E00B6C6E9 /* ConnectionService.swift */,
				5FBC1A74280DFC860015CC26 /* FileService.swift */,
				5FBAA9852811B670007961AE /* CityService.swift */,
				75EB68512813186B00F607B7 /* LocationService.swift */,
				5F8164862813FE860037B987 /* SafePlaceService.swift */,
				755FCBB5281683E00081B160 /* TranslationService.swift */,
			);
			path = Services;
			sourceTree = "<group>";
		};
		5F244A8227F70B2A00BFE1FB /* Modifiers */ = {
			isa = PBXGroup;
			children = (
				5F244AD227F71BB700BFE1FB /* safeButtonModifier.swift */,
				5F244AD427F71C1A00BFE1FB /* panicButtonModifier.swift */,
				5F244AD827F71C4F00BFE1FB /* AvatarModifier.swift */,
				5F244AD627F71C4000BFE1FB /* BasicButtonModifier.swift */,
				5F244ADA27F71C7D00BFE1FB /* titleTextModifier.swift */,
				5F244ADC27F71C9700BFE1FB /* descriptionTextModifier.swift */,
				5F244ADE27F71CAF00BFE1FB /* inputFieldModifier.swift */,
				5F2EAD8427FCA271006FDFD9 /* secureInputFieldModifier.swift */,
				6A2CFC302801C11A0046395D /* CurtainModifier.swift */,
				6A2CFC322801C8B80046395D /* TCListModifier.swift */,
				6A2CFC342801CAA10046395D /* TCItemModifier.swift */,
				5FE0B099280C18A200CFED16 /* eventStatusColorModifier.swift */,
				6A40921C281B29EE0094F948 /* InfoTextModifier.swift */,
			);
			path = Modifiers;
			sourceTree = "<group>";
		};
		5F244A8327F70B3300BFE1FB /* Components */ = {
			isa = PBXGroup;
			children = (
				5FACE175281B3787007CB089 /* LoginInputComponent.swift */,
				75994EF62809B8EB003244C6 /* alertBoxComponent.swift */,
				5F639DC2281322D600EC39E3 /* AlertPanicComponent.swift */,
				755FCC0C281816450081B160 /* AnimationLottieView.swift */,
				6AD96E4327FD49E600063439 /* AvatarComponent.swift */,
				5F244AE227F71FEE00BFE1FB /* BasicButtonComponent.swift */,
				6A2CFC2E2801BABD0046395D /* CurtainTCComponent.swift */,
				6A2CFC2C2801B9270046395D /* CurtainTCListComponent.swift */,
				6A382E81281C19A0002E3BAB /* LoginInputComponent.swift */,
				5F244AE427F7200500BFE1FB /* InputFieldComponent.swift */,
				6ABCDD2127FF096F009563E7 /* ListViewComponent.swift */,
				6A2CFC2A280182F40046395D /* MapCurtainComponent.swift */,
				D5148A5227FF5C8800E98347 /* NavItem.swift */,
				5FBC1A70280DFB3F0015CC26 /* ProfileImageComponent.swift */,
				6ABCDD2527FFEC7B009563E7 /* SafeSpaceComponent.swift */,
				6AE0A85F2801BB8800661B1F /* SearchFieldComponent.swift */,
				5F2EAD8627FCA2A0006FDFD9 /* SecureInputFieldComponent.swift */,
				6ABCDD2727FFF8F9009563E7 /* SelectContactComponent.swift */,
				6ABCDD29280000EE009563E7 /* SelectContactsGridComponent.swift */,
				6A7DB4A8280023E10054DD47 /* SettingsListItemComponent.swift */,
				5F23EE092801B54800623B0C /* SettingsListViewComponent.swift */,
				5F5962012802CD7900C8F682 /* TackingModeButtonComponent.swift */,
				6A0F204B281808A500213FBC /* TrustContactDetailsComponent.swift */,
				6ABCDD2327FF1B19009563E7 /* UserDetailsComponent.swift */,
			);
			path = Components;
			sourceTree = "<group>";
		};
		5F244A8427F70B3A00BFE1FB /* Config */ = {
			isa = PBXGroup;
			children = (
				5F244A8727F70CC900BFE1FB /* Theme.swift */,
			);
			path = Config;
			sourceTree = "<group>";
		};
		5F244AE827F7213E00BFE1FB /* Utils */ = {
			isa = PBXGroup;
			children = (
				5FBC1A78280DFD560015CC26 /* ImagePickerHelper */,
				5FE0B096280BF2DB00CFED16 /* Extensions */,
				5F20CC9928009C04001E9AED /* NavigationHelper */,
				5F244AE927F7215500BFE1FB /* Device */,
			);
			path = Utils;
			sourceTree = "<group>";
		};
		5F244AE927F7215500BFE1FB /* Device */ = {
			isa = PBXGroup;
			children = (
				5F244AEA27F7217800BFE1FB /* Camera.swift */,
				5F244AEC27F721A300BFE1FB /* Microphone.swift */,
				5F244AEE27F721B100BFE1FB /* Location.swift */,
			);
			path = Device;
			sourceTree = "<group>";
		};
		5F70D3D0281C45D100021EBE /* Recovered References */ = {
			isa = PBXGroup;
			children = (
				6AC44629281B0ABE0040BD42 /* GoogleService-Info.plist */,
			);
			name = "Recovered References";
			sourceTree = "<group>";
		};
		5F8B94F527F70A570067C6C9 /* Views */ = {
			isa = PBXGroup;
			children = (
				5F244A9527F70F0A00BFE1FB /* AddContactView.swift */,
				5F244A9827F70F6200BFE1FB /* AddSafePlaceView.swift */,
				5FBC1A6E280D5E6C0015CC26 /* ConnectionsView.swift */,
				5F244A9327F70EEA00BFE1FB /* CreateEventView.swift */,
				5FE0B094280BD3C900CFED16 /* EventListView.swift */,
				6A29154D2803128E00988C2C /* EventView.swift */,
				5F244A8B27F70E7300BFE1FB /* LoginView.swift */,
				5F244A9C27F711A500BFE1FB /* MapView.swift */,
				5FA4189B2807058100B6C6E9 /* PlayGroundView.swift */,
				5F20CC9728006850001E9AED /* ProfileEditView.swift */,
				5F244A9127F70EC600BFE1FB /* ProfileView.swift */,
				6A8792DF2812EFC0009B469B /* RecordingView.swift */,
				5F244A8D27F70E8700BFE1FB /* RegisterView.swift */,
				5F244A9E27F711B900BFE1FB /* SettingsView.swift */,
				5FCC119B2816DD1F0038D565 /* RecordedMessagesView.swift */,
				6A0F20472817193F00213FBC /* InfoDetailView.swift */,
				6AC44623281810E20040BD42 /* TCProfileView.swift */,
				6AB93830281A74330077552C /* EventMapView.swift */,
			);
			path = Views;
			sourceTree = "<group>";
		};
		5F8B94F627F70A610067C6C9 /* ViewModels */ = {
			isa = PBXGroup;
			children = (
				5F2EAD9127FDBE28006FDFD9 /* AuthenticationViewModel.swift */,
				5FBAA9832811B5FF007961AE /* CityViewModel.swift */,
				5FA418972806976C00B6C6E9 /* ConnectionViewModel.swift */,
				5FAB464E28047E44009C4D0E /* EventViewModel.swift */,
				5FBC1A76280DFD1C0015CC26 /* FileViewModel.swift */,
				5F244AB427F7186E00BFE1FB /* MapViewModel.swift */,
				5F5D0C6A2808068700999B78 /* PlaygroundViewModel.swift */,
				5F244AAA27F7180400BFE1FB /* ProfileViewModel.swift */,
				5F244AB627F7188300BFE1FB /* SettingsViewModel.swift */,
				6A8792DD2812EDC5009B469B /* VoiceRecognition.swift */,
				5F8164842813FD8D0037B987 /* SafePlaceViewModel.swift */,
				6AB938162816EB9A0077552C /* LocationViewModel.swift */,
				6AB93832281A78460077552C /* EventMapViewModel.swift */,
			);
			path = ViewModels;
			sourceTree = "<group>";
		};
		5F8B94F727F70A730067C6C9 /* Models */ = {
			isa = PBXGroup;
			children = (
				5F244ABE27F71A3500BFE1FB /* UserModel.swift */,
				5F244AC027F71A4400BFE1FB /* ProfileModel.swift */,
				5F244AC227F71A5700BFE1FB /* EventModel.swift */,
				5F244AC427F71A6900BFE1FB /* SettingModel.swift */,
				5F244AC827F71ACF00BFE1FB /* TrustedContactModel.swift */,
				6A3A881828031E460049DC7F /* ContactConnectionModel.swift */,
				6AEA6A352803747900C36830 /* ConnectionRequestModel.swift */,
				5FAB464A28045806009C4D0E /* EventStatus.swift */,
				5F553BB12806123B000518F7 /* ConnectionModel.swift */,
				5F86F102280848C40089EAC6 /* SafePlaceModel.swift */,
				5FBC1A72280DFC370015CC26 /* FileModel.swift */,
				5FBAA9812811B531007961AE /* CityTransformerModel.swift */,
				75EB684D28130B0D00F607B7 /* SafeSpaceModel.swift */,
				75EB684F28130B5000F607B7 /* SearchResultModel.swift */,
			);
			path = Models;
			sourceTree = "<group>";
		};
		5FBAA97E2811B44F007961AE /* CoreData */ = {
			isa = PBXGroup;
			children = (
				5FBAA97F2811B489007961AE /* SafeyeController.swift */,
				5F0EA30527F6F9E100FBD77B /* Safeye.xcdatamodeld */,
			);
			path = CoreData;
			sourceTree = "<group>";
		};
		5FBC1A78280DFD560015CC26 /* ImagePickerHelper */ = {
			isa = PBXGroup;
			children = (
				5FBC1A79280DFD810015CC26 /* ImagePicker.swift */,
			);
			path = ImagePickerHelper;
			sourceTree = "<group>";
		};
		5FE0B096280BF2DB00CFED16 /* Extensions */ = {
			isa = PBXGroup;
			children = (
				5FE0B097280BF2FF00CFED16 /* CapitalizeFirstLetter.swift */,
			);
			path = Extensions;
			sourceTree = "<group>";
		};
/* End PBXGroup section */

/* Begin PBXNativeTarget section */
		5F0EA2F627F6F9E000FBD77B /* Safeye */ = {
			isa = PBXNativeTarget;
			buildConfigurationList = 5F0EA32027F6F9E200FBD77B /* Build configuration list for PBXNativeTarget "Safeye" */;
			buildPhases = (
				5F0EA2F327F6F9E000FBD77B /* Sources */,
				5F0EA2F427F6F9E000FBD77B /* Frameworks */,
				5F0EA2F527F6F9E000FBD77B /* Resources */,
			);
			buildRules = (
			);
			dependencies = (
			);
			name = Safeye;
			packageProductDependencies = (
				6AB9380E2816E6CD0077552C /* FirebaseAuth */,
				6AB938102816E6CD0077552C /* FirebaseFirestore */,
				6AB938122816E6CD0077552C /* FirebaseFirestoreSwift-Beta */,
				6AB938142816E6CD0077552C /* FirebaseStorage */,
				755FCC06281812990081B160 /* Lottie */,
			);
			productName = Safeye;
			productReference = 5F0EA2F727F6F9E000FBD77B /* Safeye.app */;
			productType = "com.apple.product-type.application";
		};
		5F0EA30B27F6F9E200FBD77B /* SafeyeTests */ = {
			isa = PBXNativeTarget;
			buildConfigurationList = 5F0EA32327F6F9E200FBD77B /* Build configuration list for PBXNativeTarget "SafeyeTests" */;
			buildPhases = (
				5F0EA30827F6F9E200FBD77B /* Sources */,
				5F0EA30927F6F9E200FBD77B /* Frameworks */,
				5F0EA30A27F6F9E200FBD77B /* Resources */,
			);
			buildRules = (
			);
			dependencies = (
				5F0EA30E27F6F9E200FBD77B /* PBXTargetDependency */,
			);
			name = SafeyeTests;
			productName = SafeyeTests;
			productReference = 5F0EA30C27F6F9E200FBD77B /* SafeyeTests.xctest */;
			productType = "com.apple.product-type.bundle.unit-test";
		};
		5F0EA31527F6F9E200FBD77B /* SafeyeUITests */ = {
			isa = PBXNativeTarget;
			buildConfigurationList = 5F0EA32627F6F9E200FBD77B /* Build configuration list for PBXNativeTarget "SafeyeUITests" */;
			buildPhases = (
				5F0EA31227F6F9E200FBD77B /* Sources */,
				5F0EA31327F6F9E200FBD77B /* Frameworks */,
				5F0EA31427F6F9E200FBD77B /* Resources */,
			);
			buildRules = (
			);
			dependencies = (
				5F0EA31827F6F9E200FBD77B /* PBXTargetDependency */,
			);
			name = SafeyeUITests;
			productName = SafeyeUITests;
			productReference = 5F0EA31627F6F9E200FBD77B /* SafeyeUITests.xctest */;
			productType = "com.apple.product-type.bundle.ui-testing";
		};
/* End PBXNativeTarget section */

/* Begin PBXProject section */
		5F0EA2EF27F6F9E000FBD77B /* Project object */ = {
			isa = PBXProject;
			attributes = {
				BuildIndependentTargetsInParallel = 1;
				LastSwiftUpdateCheck = 1330;
				LastUpgradeCheck = 1330;
				TargetAttributes = {
					5F0EA2F627F6F9E000FBD77B = {
						CreatedOnToolsVersion = 13.3;
					};
					5F0EA30B27F6F9E200FBD77B = {
						CreatedOnToolsVersion = 13.3;
						TestTargetID = 5F0EA2F627F6F9E000FBD77B;
					};
					5F0EA31527F6F9E200FBD77B = {
						CreatedOnToolsVersion = 13.3;
						LastSwiftMigration = 1330;
						TestTargetID = 5F0EA2F627F6F9E000FBD77B;
					};
				};
			};
			buildConfigurationList = 5F0EA2F227F6F9E000FBD77B /* Build configuration list for PBXProject "Safeye" */;
			compatibilityVersion = "Xcode 13.0";
			developmentRegion = en;
			hasScannedForEncodings = 0;
			knownRegions = (
				en,
				Base,
				fi,
				uk,
				lt,
			);
			mainGroup = 5F0EA2EE27F6F9E000FBD77B;
			packageReferences = (
				6AB9380D2816E6CD0077552C /* XCRemoteSwiftPackageReference "firebase-ios-sdk" */,
				755FCC05281812990081B160 /* XCRemoteSwiftPackageReference "lottie-ios" */,
			);
			productRefGroup = 5F0EA2F827F6F9E000FBD77B /* Products */;
			projectDirPath = "";
			projectRoot = "";
			targets = (
				5F0EA2F627F6F9E000FBD77B /* Safeye */,
				5F0EA30B27F6F9E200FBD77B /* SafeyeTests */,
				5F0EA31527F6F9E200FBD77B /* SafeyeUITests */,
			);
		};
/* End PBXProject section */

/* Begin PBXResourcesBuildPhase section */
		5F0EA2F527F6F9E000FBD77B /* Resources */ = {
			isa = PBXResourcesBuildPhase;
			buildActionMask = 2147483647;
			files = (
				5F0EA30227F6F9E100FBD77B /* Preview Assets.xcassets in Resources */,
				6AB23AB4281D7F6C00AFB259 /* GoogleService-Info.plist in Resources */,
				755FCBB1281683650081B160 /* Localizable.strings in Resources */,
				5F0EA2FF27F6F9E100FBD77B /* Assets.xcassets in Resources */,
			);
			runOnlyForDeploymentPostprocessing = 0;
		};
		5F0EA30A27F6F9E200FBD77B /* Resources */ = {
			isa = PBXResourcesBuildPhase;
			buildActionMask = 2147483647;
			files = (
			);
			runOnlyForDeploymentPostprocessing = 0;
		};
		5F0EA31427F6F9E200FBD77B /* Resources */ = {
			isa = PBXResourcesBuildPhase;
			buildActionMask = 2147483647;
			files = (
			);
			runOnlyForDeploymentPostprocessing = 0;
		};
/* End PBXResourcesBuildPhase section */

/* Begin PBXSourcesBuildPhase section */
		5F0EA2F327F6F9E000FBD77B /* Sources */ = {
			isa = PBXSourcesBuildPhase;
			buildActionMask = 2147483647;
			files = (
				5F244A8E27F70E8700BFE1FB /* RegisterView.swift in Sources */,
				5F244A9D27F711A500BFE1FB /* MapView.swift in Sources */,
				5F0EA30727F6F9E100FBD77B /* Safeye.xcdatamodeld in Sources */,
				75EB684E28130B0D00F607B7 /* SafeSpaceModel.swift in Sources */,
				5F20CC9828006850001E9AED /* ProfileEditView.swift in Sources */,
				D5148A5327FF5C8800E98347 /* NavItem.swift in Sources */,
				5FBC1A77280DFD1C0015CC26 /* FileViewModel.swift in Sources */,
				5F86F103280848C40089EAC6 /* SafePlaceModel.swift in Sources */,
				5FE0B095280BD3C900CFED16 /* EventListView.swift in Sources */,
				5F244AEF27F721B100BFE1FB /* Location.swift in Sources */,
				6AB93833281A78460077552C /* EventMapViewModel.swift in Sources */,
				5FAB464B28045806009C4D0E /* EventStatus.swift in Sources */,
				5F244AAB27F7180400BFE1FB /* ProfileViewModel.swift in Sources */,
				5F244AC327F71A5700BFE1FB /* EventModel.swift in Sources */,
				6A2CFC2D2801B9280046395D /* CurtainTCListComponent.swift in Sources */,
				6A0F20482817193F00213FBC /* InfoDetailView.swift in Sources */,
				5FA418982806976C00B6C6E9 /* ConnectionViewModel.swift in Sources */,
				6ABCDD2227FF096F009563E7 /* ListViewComponent.swift in Sources */,
				5F2EAD8527FCA271006FDFD9 /* secureInputFieldModifier.swift in Sources */,
				5F244A9F27F711B900BFE1FB /* SettingsView.swift in Sources */,
				6A2CFC2B280182F40046395D /* MapCurtainComponent.swift in Sources */,
				5F2EAD8727FCA2A0006FDFD9 /* SecureInputFieldComponent.swift in Sources */,
				5F0EA2FD27F6F9E000FBD77B /* ContentView.swift in Sources */,
				5FBAA9862811B670007961AE /* CityService.swift in Sources */,
				5FE0B09A280C18A200CFED16 /* eventStatusColorModifier.swift in Sources */,
				5FBAA9802811B489007961AE /* SafeyeController.swift in Sources */,
				6AC44624281810E20040BD42 /* TCProfileView.swift in Sources */,
				6A2CFC312801C11A0046395D /* CurtainModifier.swift in Sources */,
				7516A3A428075D4100162C43 /* NotificationService.swift in Sources */,
				6A40921D281B29EE0094F948 /* InfoTextModifier.swift in Sources */,
				75994EF72809B8EB003244C6 /* alertBoxComponent.swift in Sources */,
				75EB68522813186B00F607B7 /* LocationService.swift in Sources */,
				5F23EE0A2801B54800623B0C /* SettingsListViewComponent.swift in Sources */,
				5F244A8827F70CC900BFE1FB /* Theme.swift in Sources */,
				5F244AD327F71BB700BFE1FB /* safeButtonModifier.swift in Sources */,
				5FBC1A71280DFB3F0015CC26 /* ProfileImageComponent.swift in Sources */,
				6AE0A8602801BB8800661B1F /* SearchFieldComponent.swift in Sources */,
				5F244AD927F71C4F00BFE1FB /* AvatarModifier.swift in Sources */,
				6A2CFC332801C8B80046395D /* TCListModifier.swift in Sources */,
				5F244AC927F71ACF00BFE1FB /* TrustedContactModel.swift in Sources */,
				5FBC1A75280DFC860015CC26 /* FileService.swift in Sources */,
				6A3A881928031E460049DC7F /* ContactConnectionModel.swift in Sources */,
				5F244AE527F7200500BFE1FB /* InputFieldComponent.swift in Sources */,
				5F244AD727F71C4000BFE1FB /* BasicButtonModifier.swift in Sources */,
				5F5D0C662807EB6E00999B78 /* Store.swift in Sources */,
				6ABCDD2427FF1B19009563E7 /* UserDetailsComponent.swift in Sources */,
				6AEA6A362803747900C36830 /* ConnectionRequestModel.swift in Sources */,
				5F2EAD9227FDBE28006FDFD9 /* AuthenticationViewModel.swift in Sources */,
				6A7DB4A9280023E10054DD47 /* SettingsListItemComponent.swift in Sources */,
				5FBAA9842811B5FF007961AE /* CityViewModel.swift in Sources */,
				6A8792E02812EFC0009B469B /* RecordingView.swift in Sources */,
				6A8792DE2812EDC5009B469B /* VoiceRecognition.swift in Sources */,
				5F0EA2FB27F6F9E000FBD77B /* SafeyeApp.swift in Sources */,
				5F8164852813FD8D0037B987 /* SafePlaceViewModel.swift in Sources */,
				5F5D0C6B2808068700999B78 /* PlaygroundViewModel.swift in Sources */,
				5F244AC127F71A4400BFE1FB /* ProfileModel.swift in Sources */,
				6A29154E2803128E00988C2C /* EventView.swift in Sources */,
				5F244A8C27F70E7300BFE1FB /* LoginView.swift in Sources */,
				75EB685028130B5000F607B7 /* SearchResultModel.swift in Sources */,
				6AB938172816EB9A0077552C /* LocationViewModel.swift in Sources */,
				5F639DC3281322D600EC39E3 /* AlertPanicComponent.swift in Sources */,
				5F244ABB27F719A500BFE1FB /* ProfileService.swift in Sources */,
				5FAB464F28047E44009C4D0E /* EventViewModel.swift in Sources */,
				6ABCDD2A280000EE009563E7 /* SelectContactsGridComponent.swift in Sources */,
				755FCBB6281683E00081B160 /* TranslationService.swift in Sources */,
				5F244ABD27F719D600BFE1FB /* SettingService.swift in Sources */,
				5F244AB527F7186E00BFE1FB /* MapViewModel.swift in Sources */,
				5FBC1A7A280DFD810015CC26 /* ImagePicker.swift in Sources */,
				5FE0B098280BF2FF00CFED16 /* CapitalizeFirstLetter.swift in Sources */,
				6A2CFC352801CAA10046395D /* TCItemModifier.swift in Sources */,
				5F244ABF27F71A3500BFE1FB /* UserModel.swift in Sources */,
				5F244A9427F70EEA00BFE1FB /* CreateEventView.swift in Sources */,
				6ABCDD2627FFEC7B009563E7 /* SafeSpaceComponent.swift in Sources */,
				5F553BB22806123B000518F7 /* ConnectionModel.swift in Sources */,
				5F244AE327F71FEE00BFE1FB /* BasicButtonComponent.swift in Sources */,
				5F244AB927F7198B00BFE1FB /* EventService.swift in Sources */,
				5FBC1A6F280D5E6C0015CC26 /* ConnectionsView.swift in Sources */,
				6AB93831281A74330077552C /* EventMapView.swift in Sources */,
				5F244A9227F70EC600BFE1FB /* ProfileView.swift in Sources */,
				5F244A8A27F70CFA00BFE1FB /* AuthenticationService.swift in Sources */,
				5F244AED27F721A300BFE1FB /* Microphone.swift in Sources */,
				5F244A9627F70F0A00BFE1FB /* AddContactView.swift in Sources */,
				5FA4189A2806977E00B6C6E9 /* ConnectionService.swift in Sources */,
				5FACE176281B3787007CB089 /* LoginInputComponent.swift in Sources */,
				5F8164872813FE860037B987 /* SafePlaceService.swift in Sources */,
				6A2CFC2F2801BABD0046395D /* CurtainTCComponent.swift in Sources */,
				5F244ADB27F71C7D00BFE1FB /* titleTextModifier.swift in Sources */,
				5F244ADD27F71C9700BFE1FB /* descriptionTextModifier.swift in Sources */,
				755FCC0D281816450081B160 /* AnimationLottieView.swift in Sources */,
				5F244A9927F70F6200BFE1FB /* AddSafePlaceView.swift in Sources */,
				5F244AC527F71A6900BFE1FB /* SettingModel.swift in Sources */,
				5F244ADF27F71CAF00BFE1FB /* inputFieldModifier.swift in Sources */,
				6ABCDD2827FFF8F9009563E7 /* SelectContactComponent.swift in Sources */,
				5F244AEB27F7217800BFE1FB /* Camera.swift in Sources */,
				5FCC119C2816DD1F0038D565 /* RecordedMessagesView.swift in Sources */,
				5FBC1A73280DFC370015CC26 /* FileModel.swift in Sources */,
				6AD96E4427FD49E600063439 /* AvatarComponent.swift in Sources */,
				5F5962022802CD7900C8F682 /* TackingModeButtonComponent.swift in Sources */,
				6A0F204C281808A500213FBC /* TrustContactDetailsComponent.swift in Sources */,
				5F20CC9B28009C3F001E9AED /* NavigationLazyView.swift in Sources */,
				5F244AB727F7188300BFE1FB /* SettingsViewModel.swift in Sources */,
				5F244AD527F71C1A00BFE1FB /* panicButtonModifier.swift in Sources */,
				5FBAA9822811B531007961AE /* CityTransformerModel.swift in Sources */,
				5FA4189C2807058100B6C6E9 /* PlayGroundView.swift in Sources */,
			);
			runOnlyForDeploymentPostprocessing = 0;
		};
		5F0EA30827F6F9E200FBD77B /* Sources */ = {
			isa = PBXSourcesBuildPhase;
			buildActionMask = 2147483647;
			files = (
				6AB93827281A4FA20077552C /* AuthenticationViewModel_Tests.swift in Sources */,
				6AB93829281A571F0077552C /* CityViewModel_Tests.swift in Sources */,
				5FD3A5AE281ADD49004620DF /* EventServiceTests.swift in Sources */,
				6AB9381D28182E460077552C /* ProfileViewModel_Tests.swift in Sources */,
				6AB93825281991D70077552C /* EventViewModel_Tests.swift in Sources */,
			);
			runOnlyForDeploymentPostprocessing = 0;
		};
		5F0EA31227F6F9E200FBD77B /* Sources */ = {
			isa = PBXSourcesBuildPhase;
			buildActionMask = 2147483647;
			files = (
				5FEB2636281A7C6B00A207CD /* EventListUITests.swift in Sources */,
				5FD3A5AC281AABDF004620DF /* NavigationUITests.swift in Sources */,
				5FEB2638281A9BC700A207CD /* CreateEventViewUITests.swift in Sources */,
			);
			runOnlyForDeploymentPostprocessing = 0;
		};
/* End PBXSourcesBuildPhase section */

/* Begin PBXTargetDependency section */
		5F0EA30E27F6F9E200FBD77B /* PBXTargetDependency */ = {
			isa = PBXTargetDependency;
			target = 5F0EA2F627F6F9E000FBD77B /* Safeye */;
			targetProxy = 5F0EA30D27F6F9E200FBD77B /* PBXContainerItemProxy */;
		};
		5F0EA31827F6F9E200FBD77B /* PBXTargetDependency */ = {
			isa = PBXTargetDependency;
			target = 5F0EA2F627F6F9E000FBD77B /* Safeye */;
			targetProxy = 5F0EA31727F6F9E200FBD77B /* PBXContainerItemProxy */;
		};
/* End PBXTargetDependency section */

/* Begin PBXVariantGroup section */
		755FCBB3281683650081B160 /* Localizable.strings */ = {
			isa = PBXVariantGroup;
			children = (
				755FCBB2281683650081B160 /* en */,
				755FCBB4281683660081B160 /* fi */,
				755FCBB7281695C40081B160 /* uk */,
				755FCBB8281695D20081B160 /* lt */,
			);
			name = Localizable.strings;
			sourceTree = "<group>";
		};
/* End PBXVariantGroup section */

/* Begin XCBuildConfiguration section */
		5F0EA31E27F6F9E200FBD77B /* Debug */ = {
			isa = XCBuildConfiguration;
			buildSettings = {
				ALWAYS_SEARCH_USER_PATHS = NO;
				CLANG_ANALYZER_NONNULL = YES;
				CLANG_ANALYZER_NUMBER_OBJECT_CONVERSION = YES_AGGRESSIVE;
				CLANG_CXX_LANGUAGE_STANDARD = "gnu++17";
				CLANG_ENABLE_MODULES = YES;
				CLANG_ENABLE_OBJC_ARC = YES;
				CLANG_ENABLE_OBJC_WEAK = YES;
				CLANG_WARN_BLOCK_CAPTURE_AUTORELEASING = YES;
				CLANG_WARN_BOOL_CONVERSION = YES;
				CLANG_WARN_COMMA = YES;
				CLANG_WARN_CONSTANT_CONVERSION = YES;
				CLANG_WARN_DEPRECATED_OBJC_IMPLEMENTATIONS = YES;
				CLANG_WARN_DIRECT_OBJC_ISA_USAGE = YES_ERROR;
				CLANG_WARN_DOCUMENTATION_COMMENTS = YES;
				CLANG_WARN_EMPTY_BODY = YES;
				CLANG_WARN_ENUM_CONVERSION = YES;
				CLANG_WARN_INFINITE_RECURSION = YES;
				CLANG_WARN_INT_CONVERSION = YES;
				CLANG_WARN_NON_LITERAL_NULL_CONVERSION = YES;
				CLANG_WARN_OBJC_IMPLICIT_RETAIN_SELF = YES;
				CLANG_WARN_OBJC_LITERAL_CONVERSION = YES;
				CLANG_WARN_OBJC_ROOT_CLASS = YES_ERROR;
				CLANG_WARN_QUOTED_INCLUDE_IN_FRAMEWORK_HEADER = YES;
				CLANG_WARN_RANGE_LOOP_ANALYSIS = YES;
				CLANG_WARN_STRICT_PROTOTYPES = YES;
				CLANG_WARN_SUSPICIOUS_MOVE = YES;
				CLANG_WARN_UNGUARDED_AVAILABILITY = YES_AGGRESSIVE;
				CLANG_WARN_UNREACHABLE_CODE = YES;
				CLANG_WARN__DUPLICATE_METHOD_MATCH = YES;
				COPY_PHASE_STRIP = NO;
				DEBUG_INFORMATION_FORMAT = dwarf;
				ENABLE_STRICT_OBJC_MSGSEND = YES;
				ENABLE_TESTABILITY = YES;
				GCC_C_LANGUAGE_STANDARD = gnu11;
				GCC_DYNAMIC_NO_PIC = NO;
				GCC_NO_COMMON_BLOCKS = YES;
				GCC_OPTIMIZATION_LEVEL = 0;
				GCC_PREPROCESSOR_DEFINITIONS = (
					"DEBUG=1",
					"$(inherited)",
				);
				GCC_WARN_64_TO_32_BIT_CONVERSION = YES;
				GCC_WARN_ABOUT_RETURN_TYPE = YES_ERROR;
				GCC_WARN_UNDECLARED_SELECTOR = YES;
				GCC_WARN_UNINITIALIZED_AUTOS = YES_AGGRESSIVE;
				GCC_WARN_UNUSED_FUNCTION = YES;
				GCC_WARN_UNUSED_VARIABLE = YES;
				IPHONEOS_DEPLOYMENT_TARGET = 15.0;
				MTL_ENABLE_DEBUG_INFO = INCLUDE_SOURCE;
				MTL_FAST_MATH = YES;
				ONLY_ACTIVE_ARCH = YES;
				SDKROOT = iphoneos;
				SWIFT_ACTIVE_COMPILATION_CONDITIONS = DEBUG;
				SWIFT_OPTIMIZATION_LEVEL = "-Onone";
			};
			name = Debug;
		};
		5F0EA31F27F6F9E200FBD77B /* Release */ = {
			isa = XCBuildConfiguration;
			buildSettings = {
				ALWAYS_SEARCH_USER_PATHS = NO;
				CLANG_ANALYZER_NONNULL = YES;
				CLANG_ANALYZER_NUMBER_OBJECT_CONVERSION = YES_AGGRESSIVE;
				CLANG_CXX_LANGUAGE_STANDARD = "gnu++17";
				CLANG_ENABLE_MODULES = YES;
				CLANG_ENABLE_OBJC_ARC = YES;
				CLANG_ENABLE_OBJC_WEAK = YES;
				CLANG_WARN_BLOCK_CAPTURE_AUTORELEASING = YES;
				CLANG_WARN_BOOL_CONVERSION = YES;
				CLANG_WARN_COMMA = YES;
				CLANG_WARN_CONSTANT_CONVERSION = YES;
				CLANG_WARN_DEPRECATED_OBJC_IMPLEMENTATIONS = YES;
				CLANG_WARN_DIRECT_OBJC_ISA_USAGE = YES_ERROR;
				CLANG_WARN_DOCUMENTATION_COMMENTS = YES;
				CLANG_WARN_EMPTY_BODY = YES;
				CLANG_WARN_ENUM_CONVERSION = YES;
				CLANG_WARN_INFINITE_RECURSION = YES;
				CLANG_WARN_INT_CONVERSION = YES;
				CLANG_WARN_NON_LITERAL_NULL_CONVERSION = YES;
				CLANG_WARN_OBJC_IMPLICIT_RETAIN_SELF = YES;
				CLANG_WARN_OBJC_LITERAL_CONVERSION = YES;
				CLANG_WARN_OBJC_ROOT_CLASS = YES_ERROR;
				CLANG_WARN_QUOTED_INCLUDE_IN_FRAMEWORK_HEADER = YES;
				CLANG_WARN_RANGE_LOOP_ANALYSIS = YES;
				CLANG_WARN_STRICT_PROTOTYPES = YES;
				CLANG_WARN_SUSPICIOUS_MOVE = YES;
				CLANG_WARN_UNGUARDED_AVAILABILITY = YES_AGGRESSIVE;
				CLANG_WARN_UNREACHABLE_CODE = YES;
				CLANG_WARN__DUPLICATE_METHOD_MATCH = YES;
				COPY_PHASE_STRIP = NO;
				DEBUG_INFORMATION_FORMAT = "dwarf-with-dsym";
				ENABLE_NS_ASSERTIONS = NO;
				ENABLE_STRICT_OBJC_MSGSEND = YES;
				GCC_C_LANGUAGE_STANDARD = gnu11;
				GCC_NO_COMMON_BLOCKS = YES;
				GCC_WARN_64_TO_32_BIT_CONVERSION = YES;
				GCC_WARN_ABOUT_RETURN_TYPE = YES_ERROR;
				GCC_WARN_UNDECLARED_SELECTOR = YES;
				GCC_WARN_UNINITIALIZED_AUTOS = YES_AGGRESSIVE;
				GCC_WARN_UNUSED_FUNCTION = YES;
				GCC_WARN_UNUSED_VARIABLE = YES;
				IPHONEOS_DEPLOYMENT_TARGET = 15.0;
				MTL_ENABLE_DEBUG_INFO = NO;
				MTL_FAST_MATH = YES;
				SDKROOT = iphoneos;
				SWIFT_COMPILATION_MODE = wholemodule;
				SWIFT_OPTIMIZATION_LEVEL = "-O";
				VALIDATE_PRODUCT = YES;
			};
			name = Release;
		};
		5F0EA32127F6F9E200FBD77B /* Debug */ = {
			isa = XCBuildConfiguration;
			buildSettings = {
				ASSETCATALOG_COMPILER_APPICON_NAME = AppIcon;
				ASSETCATALOG_COMPILER_GLOBAL_ACCENT_COLOR_NAME = AccentColor;
				ASSETCATALOG_COMPILER_INCLUDE_ALL_APPICON_ASSETS = YES;
				CODE_SIGN_STYLE = Automatic;
				CURRENT_PROJECT_VERSION = 1;
				DEAD_CODE_STRIPPING = NO;
				DEVELOPMENT_ASSET_PATHS = "\"Safeye/Preview Content\"";
				DEVELOPMENT_TEAM = X9LKA75DEX;
				ENABLE_PREVIEWS = YES;
				GENERATE_INFOPLIST_FILE = YES;
				INFOPLIST_FILE = Safeye/Info.plist;
				INFOPLIST_KEY_LSApplicationCategoryType = "";
				INFOPLIST_KEY_NSLocationAlwaysUsageDescription = "We want this";
				INFOPLIST_KEY_NSLocationWhenInUseUsageDescription = "This app needs your location to allow trusted contacts to find you in an emergency";
				INFOPLIST_KEY_NSMicrophoneUsageDescription = "Required to record your message";
				INFOPLIST_KEY_NSSpeechRecognitionUsageDescription = "Required to transcribe your message";
				INFOPLIST_KEY_UIApplicationSceneManifest_Generation = YES;
				INFOPLIST_KEY_UIApplicationSupportsIndirectInputEvents = YES;
				INFOPLIST_KEY_UILaunchScreen_Generation = YES;
				INFOPLIST_KEY_UISupportedInterfaceOrientations_iPad = "UIInterfaceOrientationPortrait UIInterfaceOrientationPortraitUpsideDown UIInterfaceOrientationLandscapeLeft UIInterfaceOrientationLandscapeRight";
				INFOPLIST_KEY_UISupportedInterfaceOrientations_iPhone = "UIInterfaceOrientationPortrait UIInterfaceOrientationLandscapeLeft UIInterfaceOrientationLandscapeRight";
				LD_RUNPATH_SEARCH_PATHS = (
					"$(inherited)",
					"@executable_path/Frameworks",
				);
				MARKETING_VERSION = 1.0;
				PRODUCT_BUNDLE_IDENTIFIER = tech.fuka.Safeye;
				PRODUCT_NAME = "$(TARGET_NAME)";
				SWIFT_EMIT_LOC_STRINGS = YES;
				SWIFT_VERSION = 5.0;
				TARGETED_DEVICE_FAMILY = 1;
			};
			name = Debug;
		};
		5F0EA32227F6F9E200FBD77B /* Release */ = {
			isa = XCBuildConfiguration;
			buildSettings = {
				ASSETCATALOG_COMPILER_APPICON_NAME = AppIcon;
				ASSETCATALOG_COMPILER_GLOBAL_ACCENT_COLOR_NAME = AccentColor;
				ASSETCATALOG_COMPILER_INCLUDE_ALL_APPICON_ASSETS = YES;
				CODE_SIGN_STYLE = Automatic;
				CURRENT_PROJECT_VERSION = 1;
				DEAD_CODE_STRIPPING = NO;
				DEVELOPMENT_ASSET_PATHS = "\"Safeye/Preview Content\"";
				DEVELOPMENT_TEAM = X9LKA75DEX;
				ENABLE_PREVIEWS = YES;
				GENERATE_INFOPLIST_FILE = YES;
				INFOPLIST_FILE = Safeye/Info.plist;
				INFOPLIST_KEY_LSApplicationCategoryType = "";
				INFOPLIST_KEY_NSLocationAlwaysUsageDescription = "We want this";
				INFOPLIST_KEY_NSLocationWhenInUseUsageDescription = "This app needs your location to allow trusted contacts to find you in an emergency";
				INFOPLIST_KEY_NSMicrophoneUsageDescription = "Required to record your message";
				INFOPLIST_KEY_NSSpeechRecognitionUsageDescription = "Required to transcribe your message";
				INFOPLIST_KEY_UIApplicationSceneManifest_Generation = YES;
				INFOPLIST_KEY_UIApplicationSupportsIndirectInputEvents = YES;
				INFOPLIST_KEY_UILaunchScreen_Generation = YES;
				INFOPLIST_KEY_UISupportedInterfaceOrientations_iPad = "UIInterfaceOrientationPortrait UIInterfaceOrientationPortraitUpsideDown UIInterfaceOrientationLandscapeLeft UIInterfaceOrientationLandscapeRight";
				INFOPLIST_KEY_UISupportedInterfaceOrientations_iPhone = "UIInterfaceOrientationPortrait UIInterfaceOrientationLandscapeLeft UIInterfaceOrientationLandscapeRight";
				LD_RUNPATH_SEARCH_PATHS = (
					"$(inherited)",
					"@executable_path/Frameworks",
				);
				MARKETING_VERSION = 1.0;
				PRODUCT_BUNDLE_IDENTIFIER = tech.fuka.Safeye;
				PRODUCT_NAME = "$(TARGET_NAME)";
				SWIFT_EMIT_LOC_STRINGS = YES;
				SWIFT_VERSION = 5.0;
				TARGETED_DEVICE_FAMILY = 1;
			};
			name = Release;
		};
		5F0EA32427F6F9E200FBD77B /* Debug */ = {
			isa = XCBuildConfiguration;
			buildSettings = {
				ALWAYS_EMBED_SWIFT_STANDARD_LIBRARIES = YES;
				BUNDLE_LOADER = "$(TEST_HOST)";
				CODE_SIGN_STYLE = Automatic;
				CURRENT_PROJECT_VERSION = 1;
				DEVELOPMENT_TEAM = WD4RSN9DBA;
				GENERATE_INFOPLIST_FILE = YES;
				IPHONEOS_DEPLOYMENT_TARGET = 15.0;
				MARKETING_VERSION = 1.0;
				PRODUCT_BUNDLE_IDENTIFIER = tech.fuka.SafeyeTests;
				PRODUCT_NAME = "$(TARGET_NAME)";
				SWIFT_EMIT_LOC_STRINGS = NO;
				SWIFT_VERSION = 5.0;
				TARGETED_DEVICE_FAMILY = "1,2";
				TEST_HOST = "$(BUILT_PRODUCTS_DIR)/Safeye.app/Safeye";
			};
			name = Debug;
		};
		5F0EA32527F6F9E200FBD77B /* Release */ = {
			isa = XCBuildConfiguration;
			buildSettings = {
				ALWAYS_EMBED_SWIFT_STANDARD_LIBRARIES = YES;
				BUNDLE_LOADER = "$(TEST_HOST)";
				CODE_SIGN_STYLE = Automatic;
				CURRENT_PROJECT_VERSION = 1;
				DEVELOPMENT_TEAM = WD4RSN9DBA;
				GENERATE_INFOPLIST_FILE = YES;
				IPHONEOS_DEPLOYMENT_TARGET = 15.0;
				MARKETING_VERSION = 1.0;
				PRODUCT_BUNDLE_IDENTIFIER = tech.fuka.SafeyeTests;
				PRODUCT_NAME = "$(TARGET_NAME)";
				SWIFT_EMIT_LOC_STRINGS = NO;
				SWIFT_VERSION = 5.0;
				TARGETED_DEVICE_FAMILY = "1,2";
				TEST_HOST = "$(BUILT_PRODUCTS_DIR)/Safeye.app/Safeye";
			};
			name = Release;
		};
		5F0EA32727F6F9E200FBD77B /* Debug */ = {
			isa = XCBuildConfiguration;
			buildSettings = {
				ALWAYS_EMBED_SWIFT_STANDARD_LIBRARIES = YES;
				CLANG_ENABLE_MODULES = YES;
				CODE_SIGN_STYLE = Automatic;
				CURRENT_PROJECT_VERSION = 1;
				DEVELOPMENT_TEAM = WD4RSN9DBA;
				GENERATE_INFOPLIST_FILE = YES;
				LD_RUNPATH_SEARCH_PATHS = (
					"$(inherited)",
					"@executable_path/Frameworks",
					"@loader_path/Frameworks",
				);
				MARKETING_VERSION = 1.0;
				PRODUCT_BUNDLE_IDENTIFIER = tech.fuka.SafeyeUITests;
				PRODUCT_NAME = "$(TARGET_NAME)";
				SWIFT_EMIT_LOC_STRINGS = NO;
				SWIFT_OPTIMIZATION_LEVEL = "-Onone";
				SWIFT_VERSION = 5.0;
				TARGETED_DEVICE_FAMILY = "1,2";
				TEST_TARGET_NAME = Safeye;
			};
			name = Debug;
		};
		5F0EA32827F6F9E200FBD77B /* Release */ = {
			isa = XCBuildConfiguration;
			buildSettings = {
				ALWAYS_EMBED_SWIFT_STANDARD_LIBRARIES = YES;
				CLANG_ENABLE_MODULES = YES;
				CODE_SIGN_STYLE = Automatic;
				CURRENT_PROJECT_VERSION = 1;
				DEVELOPMENT_TEAM = WD4RSN9DBA;
				GENERATE_INFOPLIST_FILE = YES;
				LD_RUNPATH_SEARCH_PATHS = (
					"$(inherited)",
					"@executable_path/Frameworks",
					"@loader_path/Frameworks",
				);
				MARKETING_VERSION = 1.0;
				PRODUCT_BUNDLE_IDENTIFIER = tech.fuka.SafeyeUITests;
				PRODUCT_NAME = "$(TARGET_NAME)";
				SWIFT_EMIT_LOC_STRINGS = NO;
				SWIFT_VERSION = 5.0;
				TARGETED_DEVICE_FAMILY = "1,2";
				TEST_TARGET_NAME = Safeye;
			};
			name = Release;
		};
/* End XCBuildConfiguration section */

/* Begin XCConfigurationList section */
		5F0EA2F227F6F9E000FBD77B /* Build configuration list for PBXProject "Safeye" */ = {
			isa = XCConfigurationList;
			buildConfigurations = (
				5F0EA31E27F6F9E200FBD77B /* Debug */,
				5F0EA31F27F6F9E200FBD77B /* Release */,
			);
			defaultConfigurationIsVisible = 0;
			defaultConfigurationName = Release;
		};
		5F0EA32027F6F9E200FBD77B /* Build configuration list for PBXNativeTarget "Safeye" */ = {
			isa = XCConfigurationList;
			buildConfigurations = (
				5F0EA32127F6F9E200FBD77B /* Debug */,
				5F0EA32227F6F9E200FBD77B /* Release */,
			);
			defaultConfigurationIsVisible = 0;
			defaultConfigurationName = Release;
		};
		5F0EA32327F6F9E200FBD77B /* Build configuration list for PBXNativeTarget "SafeyeTests" */ = {
			isa = XCConfigurationList;
			buildConfigurations = (
				5F0EA32427F6F9E200FBD77B /* Debug */,
				5F0EA32527F6F9E200FBD77B /* Release */,
			);
			defaultConfigurationIsVisible = 0;
			defaultConfigurationName = Release;
		};
		5F0EA32627F6F9E200FBD77B /* Build configuration list for PBXNativeTarget "SafeyeUITests" */ = {
			isa = XCConfigurationList;
			buildConfigurations = (
				5F0EA32727F6F9E200FBD77B /* Debug */,
				5F0EA32827F6F9E200FBD77B /* Release */,
			);
			defaultConfigurationIsVisible = 0;
			defaultConfigurationName = Release;
		};
/* End XCConfigurationList section */

/* Begin XCRemoteSwiftPackageReference section */
		6AB9380D2816E6CD0077552C /* XCRemoteSwiftPackageReference "firebase-ios-sdk" */ = {
			isa = XCRemoteSwiftPackageReference;
			repositoryURL = "https://github.com/firebase/firebase-ios-sdk";
			requirement = {
				kind = upToNextMajorVersion;
				minimumVersion = 8.0.0;
			};
		};
		755FCC05281812990081B160 /* XCRemoteSwiftPackageReference "lottie-ios" */ = {
			isa = XCRemoteSwiftPackageReference;
			repositoryURL = "https://github.com/airbnb/lottie-ios";
			requirement = {
				kind = upToNextMajorVersion;
				minimumVersion = 3.0.0;
			};
		};
/* End XCRemoteSwiftPackageReference section */

/* Begin XCSwiftPackageProductDependency section */
		6AB9380E2816E6CD0077552C /* FirebaseAuth */ = {
			isa = XCSwiftPackageProductDependency;
			package = 6AB9380D2816E6CD0077552C /* XCRemoteSwiftPackageReference "firebase-ios-sdk" */;
			productName = FirebaseAuth;
		};
		6AB938102816E6CD0077552C /* FirebaseFirestore */ = {
			isa = XCSwiftPackageProductDependency;
			package = 6AB9380D2816E6CD0077552C /* XCRemoteSwiftPackageReference "firebase-ios-sdk" */;
			productName = FirebaseFirestore;
		};
		6AB938122816E6CD0077552C /* FirebaseFirestoreSwift-Beta */ = {
			isa = XCSwiftPackageProductDependency;
			package = 6AB9380D2816E6CD0077552C /* XCRemoteSwiftPackageReference "firebase-ios-sdk" */;
			productName = "FirebaseFirestoreSwift-Beta";
		};
		6AB938142816E6CD0077552C /* FirebaseStorage */ = {
			isa = XCSwiftPackageProductDependency;
			package = 6AB9380D2816E6CD0077552C /* XCRemoteSwiftPackageReference "firebase-ios-sdk" */;
			productName = FirebaseStorage;
		};
		755FCC06281812990081B160 /* Lottie */ = {
			isa = XCSwiftPackageProductDependency;
			package = 755FCC05281812990081B160 /* XCRemoteSwiftPackageReference "lottie-ios" */;
			productName = Lottie;
		};
/* End XCSwiftPackageProductDependency section */

/* Begin XCVersionGroup section */
		5F0EA30527F6F9E100FBD77B /* Safeye.xcdatamodeld */ = {
			isa = XCVersionGroup;
			children = (
				5F0EA30627F6F9E100FBD77B /* Safeye.xcdatamodel */,
			);
			currentVersion = 5F0EA30627F6F9E100FBD77B /* Safeye.xcdatamodel */;
			path = Safeye.xcdatamodeld;
			sourceTree = "<group>";
			versionGroupType = wrapper.xcdatamodel;
		};
/* End XCVersionGroup section */
	};
	rootObject = 5F0EA2EF27F6F9E000FBD77B /* Project object */;
}
